// !$*UTF8*$!
{
	archiveVersion = 1;
	classes = {
	};
	objectVersion = 56;
	objects = {

/* Begin PBXBuildFile section */
		531786532C1C8BFB00ACEF6A /* BaseViewController.swift in Sources */ = {isa = PBXBuildFile; fileRef = 531786522C1C8BFB00ACEF6A /* BaseViewController.swift */; };
		531786552C1C8E7800ACEF6A /* UIImage+Extension.swift in Sources */ = {isa = PBXBuildFile; fileRef = 531786542C1C8E7800ACEF6A /* UIImage+Extension.swift */; };
		531786572C1C8F1900ACEF6A /* UIView+Extension.swift in Sources */ = {isa = PBXBuildFile; fileRef = 531786562C1C8F1900ACEF6A /* UIView+Extension.swift */; };
		531786592C1C934A00ACEF6A /* UIViewController+Extension.swift in Sources */ = {isa = PBXBuildFile; fileRef = 531786582C1C934A00ACEF6A /* UIViewController+Extension.swift */; };
		5317865B2C1C956400ACEF6A /* DateFilterViewController.swift in Sources */ = {isa = PBXBuildFile; fileRef = 5317865A2C1C956400ACEF6A /* DateFilterViewController.swift */; };
		5317865D2C1EAC4700ACEF6A /* Screen.swift in Sources */ = {isa = PBXBuildFile; fileRef = 5317865C2C1EAC4700ACEF6A /* Screen.swift */; };
		531786602C1EB24D00ACEF6A /* TeamFilterViewController.swift in Sources */ = {isa = PBXBuildFile; fileRef = 5317865F2C1EB24D00ACEF6A /* TeamFilterViewController.swift */; };
		531786622C1EE6C500ACEF6A /* TeamFilterTableViewCell.swift in Sources */ = {isa = PBXBuildFile; fileRef = 531786612C1EE6C500ACEF6A /* TeamFilterTableViewCell.swift */; };
		531786642C1EF30F00ACEF6A /* Team.swift in Sources */ = {isa = PBXBuildFile; fileRef = 531786632C1EF30F00ACEF6A /* Team.swift */; };
		531786662C1F014E00ACEF6A /* CMTextField.swift in Sources */ = {isa = PBXBuildFile; fileRef = 531786652C1F014E00ACEF6A /* CMTextField.swift */; };
		531786682C20048B00ACEF6A /* CMPickerTextField.swift in Sources */ = {isa = PBXBuildFile; fileRef = 531786672C20048B00ACEF6A /* CMPickerTextField.swift */; };
		5317866B2C200D6000ACEF6A /* BasePickerViewController.swift in Sources */ = {isa = PBXBuildFile; fileRef = 5317866A2C200D6000ACEF6A /* BasePickerViewController.swift */; };
		5317866D2C200EDB00ACEF6A /* AllFilterViewController.swift in Sources */ = {isa = PBXBuildFile; fileRef = 5317866C2C200EDB00ACEF6A /* AllFilterViewController.swift */; };
		531786712C202EF500ACEF6A /* DIContainerService.swift in Sources */ = {isa = PBXBuildFile; fileRef = 531786702C202EF500ACEF6A /* DIContainerService.swift */; };
		531786742C202F1B00ACEF6A /* NetworkService.swift in Sources */ = {isa = PBXBuildFile; fileRef = 531786732C202F1B00ACEF6A /* NetworkService.swift */; };
		531786762C20494500ACEF6A /* HomeRepository.swift in Sources */ = {isa = PBXBuildFile; fileRef = 531786752C20494500ACEF6A /* HomeRepository.swift */; };
		531786782C20498800ACEF6A /* Post.swift in Sources */ = {isa = PBXBuildFile; fileRef = 531786772C20498800ACEF6A /* Post.swift */; };
		536BDDAE2C189B230043B1DA /* AppDelegate.swift in Sources */ = {isa = PBXBuildFile; fileRef = 536BDDAD2C189B230043B1DA /* AppDelegate.swift */; };
		536BDDB02C189B230043B1DA /* SceneDelegate.swift in Sources */ = {isa = PBXBuildFile; fileRef = 536BDDAF2C189B230043B1DA /* SceneDelegate.swift */; };
		536BDDB22C189B230043B1DA /* HomeViewController.swift in Sources */ = {isa = PBXBuildFile; fileRef = 536BDDB12C189B230043B1DA /* HomeViewController.swift */; };
		536BDDB72C189B240043B1DA /* Assets.xcassets in Resources */ = {isa = PBXBuildFile; fileRef = 536BDDB62C189B240043B1DA /* Assets.xcassets */; };
		536BDDBA2C189B240043B1DA /* Base in Resources */ = {isa = PBXBuildFile; fileRef = 536BDDB92C189B240043B1DA /* Base */; };
		536BDDC52C189B240043B1DA /* CatchMateTests.swift in Sources */ = {isa = PBXBuildFile; fileRef = 536BDDC42C189B240043B1DA /* CatchMateTests.swift */; };
		536BDDCF2C189B240043B1DA /* CatchMateUITests.swift in Sources */ = {isa = PBXBuildFile; fileRef = 536BDDCE2C189B240043B1DA /* CatchMateUITests.swift */; };
		536BDDD12C189B240043B1DA /* CatchMateUITestsLaunchTests.swift in Sources */ = {isa = PBXBuildFile; fileRef = 536BDDD02C189B240043B1DA /* CatchMateUITestsLaunchTests.swift */; };
		536BDDE02C196C380043B1DA /* APIKeys.plist in Resources */ = {isa = PBXBuildFile; fileRef = 536BDDDF2C196C380043B1DA /* APIKeys.plist */; };
		536BDDE22C196F510043B1DA /* Bundle+Extension.swift in Sources */ = {isa = PBXBuildFile; fileRef = 536BDDE12C196F510043B1DA /* Bundle+Extension.swift */; };
		536BDDE92C1971C70043B1DA /* LoginReactor.swift in Sources */ = {isa = PBXBuildFile; fileRef = 536BDDE82C1971C70043B1DA /* LoginReactor.swift */; };
		536BDDEC2C19720E0043B1DA /* User.swift in Sources */ = {isa = PBXBuildFile; fileRef = 536BDDEB2C19720E0043B1DA /* User.swift */; };
		536BDDF02C1972360043B1DA /* LoginUseCase.swift in Sources */ = {isa = PBXBuildFile; fileRef = 536BDDEF2C1972360043B1DA /* LoginUseCase.swift */; };
		536BDDF32C1972530043B1DA /* LoginRepository.swift in Sources */ = {isa = PBXBuildFile; fileRef = 536BDDF22C1972530043B1DA /* LoginRepository.swift */; };
		536BDDF62C1972740043B1DA /* UserDTO.swift in Sources */ = {isa = PBXBuildFile; fileRef = 536BDDF52C1972740043B1DA /* UserDTO.swift */; };
		536BDDF92C1972880043B1DA /* UserMapper.swift in Sources */ = {isa = PBXBuildFile; fileRef = 536BDDF82C1972880043B1DA /* UserMapper.swift */; };
		536BDDFC2C1972A00043B1DA /* UserRepositoryImpl.swift in Sources */ = {isa = PBXBuildFile; fileRef = 536BDDFB2C1972A00043B1DA /* UserRepositoryImpl.swift */; };
		536BDDFF2C1972D30043B1DA /* UserDataSource.swift in Sources */ = {isa = PBXBuildFile; fileRef = 536BDDFE2C1972D30043B1DA /* UserDataSource.swift */; };
		536BDE022C1973050043B1DA /* TeamButton.swift in Sources */ = {isa = PBXBuildFile; fileRef = 536BDE012C1973050043B1DA /* TeamButton.swift */; };
		536BDE122C1B51FD0043B1DA /* TabBarController.swift in Sources */ = {isa = PBXBuildFile; fileRef = 536BDE112C1B51FD0043B1DA /* TabBarController.swift */; };
		536BDE152C1B52510043B1DA /* PinLayout in Frameworks */ = {isa = PBXBuildFile; productRef = 536BDE142C1B52510043B1DA /* PinLayout */; };
		536BDE172C1B52510043B1DA /* FlexLayout in Frameworks */ = {isa = PBXBuildFile; productRef = 536BDE162C1B52510043B1DA /* FlexLayout */; };
		536BDE192C1B52510043B1DA /* SnapKit in Frameworks */ = {isa = PBXBuildFile; productRef = 536BDE182C1B52510043B1DA /* SnapKit */; };
		536BDE1B2C1B52510043B1DA /* RxCocoa in Frameworks */ = {isa = PBXBuildFile; productRef = 536BDE1A2C1B52510043B1DA /* RxCocoa */; };
		536BDE1D2C1B52510043B1DA /* RxRelay in Frameworks */ = {isa = PBXBuildFile; productRef = 536BDE1C2C1B52510043B1DA /* RxRelay */; };
		536BDE1F2C1B52510043B1DA /* RxSwift in Frameworks */ = {isa = PBXBuildFile; productRef = 536BDE1E2C1B52510043B1DA /* RxSwift */; };
		536BDE212C1B52510043B1DA /* ReactorKit in Frameworks */ = {isa = PBXBuildFile; productRef = 536BDE202C1B52510043B1DA /* ReactorKit */; };
		536BDE232C1B52510043B1DA /* RxAlamofire in Frameworks */ = {isa = PBXBuildFile; productRef = 536BDE222C1B52510043B1DA /* RxAlamofire */; };
		536BDE272C1B53150043B1DA /* UIColor+Extension.swift in Sources */ = {isa = PBXBuildFile; fileRef = 536BDE262C1B53150043B1DA /* UIColor+Extension.swift */; };
		536BDE292C1B53860043B1DA /* Color.swift in Sources */ = {isa = PBXBuildFile; fileRef = 536BDE282C1B53860043B1DA /* Color.swift */; };
		536BDE2B2C1B54C80043B1DA /* ChatListViewController.swift in Sources */ = {isa = PBXBuildFile; fileRef = 536BDE2A2C1B54C80043B1DA /* ChatListViewController.swift */; };
		536BDE2D2C1B55080043B1DA /* AddViewController.swift in Sources */ = {isa = PBXBuildFile; fileRef = 536BDE2C2C1B55080043B1DA /* AddViewController.swift */; };
		536BDE2F2C1B55240043B1DA /* NotiViewController.swift in Sources */ = {isa = PBXBuildFile; fileRef = 536BDE2E2C1B55240043B1DA /* NotiViewController.swift */; };
		536BDE312C1B55440043B1DA /* MyPageViewController.swift in Sources */ = {isa = PBXBuildFile; fileRef = 536BDE302C1B55440043B1DA /* MyPageViewController.swift */; };
		536BDE342C1B57B10043B1DA /* HomeFilterButton.swift in Sources */ = {isa = PBXBuildFile; fileRef = 536BDE332C1B57B10043B1DA /* HomeFilterButton.swift */; };
		536BDE362C1BEC870043B1DA /* ListCardViewTableViewCell.swift in Sources */ = {isa = PBXBuildFile; fileRef = 536BDE352C1BEC870043B1DA /* ListCardViewTableViewCell.swift */; };
		536BDE382C1C07990043B1DA /* PaddingLabel.swift in Sources */ = {isa = PBXBuildFile; fileRef = 536BDE372C1C07990043B1DA /* PaddingLabel.swift */; };
		536BDE3A2C1C1F210043B1DA /* HomeReactor.swift in Sources */ = {isa = PBXBuildFile; fileRef = 536BDE392C1C1F210043B1DA /* HomeReactor.swift */; };
/* End PBXBuildFile section */

/* Begin PBXContainerItemProxy section */
		536BDDC12C189B240043B1DA /* PBXContainerItemProxy */ = {
			isa = PBXContainerItemProxy;
			containerPortal = 536BDDA22C189B230043B1DA /* Project object */;
			proxyType = 1;
			remoteGlobalIDString = 536BDDA92C189B230043B1DA;
			remoteInfo = CatchMate;
		};
		536BDDCB2C189B240043B1DA /* PBXContainerItemProxy */ = {
			isa = PBXContainerItemProxy;
			containerPortal = 536BDDA22C189B230043B1DA /* Project object */;
			proxyType = 1;
			remoteGlobalIDString = 536BDDA92C189B230043B1DA;
			remoteInfo = CatchMate;
		};
/* End PBXContainerItemProxy section */

/* Begin PBXFileReference section */
		531786522C1C8BFB00ACEF6A /* BaseViewController.swift */ = {isa = PBXFileReference; lastKnownFileType = sourcecode.swift; path = BaseViewController.swift; sourceTree = "<group>"; };
		531786542C1C8E7800ACEF6A /* UIImage+Extension.swift */ = {isa = PBXFileReference; lastKnownFileType = sourcecode.swift; path = "UIImage+Extension.swift"; sourceTree = "<group>"; };
		531786562C1C8F1900ACEF6A /* UIView+Extension.swift */ = {isa = PBXFileReference; lastKnownFileType = sourcecode.swift; path = "UIView+Extension.swift"; sourceTree = "<group>"; };
		531786582C1C934A00ACEF6A /* UIViewController+Extension.swift */ = {isa = PBXFileReference; lastKnownFileType = sourcecode.swift; path = "UIViewController+Extension.swift"; sourceTree = "<group>"; };
		5317865A2C1C956400ACEF6A /* DateFilterViewController.swift */ = {isa = PBXFileReference; lastKnownFileType = sourcecode.swift; path = DateFilterViewController.swift; sourceTree = "<group>"; };
		5317865C2C1EAC4700ACEF6A /* Screen.swift */ = {isa = PBXFileReference; lastKnownFileType = sourcecode.swift; path = Screen.swift; sourceTree = "<group>"; };
		5317865F2C1EB24D00ACEF6A /* TeamFilterViewController.swift */ = {isa = PBXFileReference; lastKnownFileType = sourcecode.swift; path = TeamFilterViewController.swift; sourceTree = "<group>"; };
		531786612C1EE6C500ACEF6A /* TeamFilterTableViewCell.swift */ = {isa = PBXFileReference; lastKnownFileType = sourcecode.swift; path = TeamFilterTableViewCell.swift; sourceTree = "<group>"; };
		531786632C1EF30F00ACEF6A /* Team.swift */ = {isa = PBXFileReference; lastKnownFileType = sourcecode.swift; path = Team.swift; sourceTree = "<group>"; };
		531786652C1F014E00ACEF6A /* CMTextField.swift */ = {isa = PBXFileReference; lastKnownFileType = sourcecode.swift; path = CMTextField.swift; sourceTree = "<group>"; };
		531786672C20048B00ACEF6A /* CMPickerTextField.swift */ = {isa = PBXFileReference; lastKnownFileType = sourcecode.swift; path = CMPickerTextField.swift; sourceTree = "<group>"; };
		5317866A2C200D6000ACEF6A /* BasePickerViewController.swift */ = {isa = PBXFileReference; lastKnownFileType = sourcecode.swift; path = BasePickerViewController.swift; sourceTree = "<group>"; };
		5317866C2C200EDB00ACEF6A /* AllFilterViewController.swift */ = {isa = PBXFileReference; lastKnownFileType = sourcecode.swift; path = AllFilterViewController.swift; sourceTree = "<group>"; };
		531786702C202EF500ACEF6A /* DIContainerService.swift */ = {isa = PBXFileReference; lastKnownFileType = sourcecode.swift; path = DIContainerService.swift; sourceTree = "<group>"; };
		531786732C202F1B00ACEF6A /* NetworkService.swift */ = {isa = PBXFileReference; lastKnownFileType = sourcecode.swift; path = NetworkService.swift; sourceTree = "<group>"; };
		531786752C20494500ACEF6A /* HomeRepository.swift */ = {isa = PBXFileReference; lastKnownFileType = sourcecode.swift; path = HomeRepository.swift; sourceTree = "<group>"; };
		531786772C20498800ACEF6A /* Post.swift */ = {isa = PBXFileReference; lastKnownFileType = sourcecode.swift; path = Post.swift; sourceTree = "<group>"; };
		536BDDAA2C189B230043B1DA /* CatchMate.app */ = {isa = PBXFileReference; explicitFileType = wrapper.application; includeInIndex = 0; path = CatchMate.app; sourceTree = BUILT_PRODUCTS_DIR; };
		536BDDAD2C189B230043B1DA /* AppDelegate.swift */ = {isa = PBXFileReference; lastKnownFileType = sourcecode.swift; path = AppDelegate.swift; sourceTree = "<group>"; };
		536BDDAF2C189B230043B1DA /* SceneDelegate.swift */ = {isa = PBXFileReference; lastKnownFileType = sourcecode.swift; path = SceneDelegate.swift; sourceTree = "<group>"; };
		536BDDB12C189B230043B1DA /* HomeViewController.swift */ = {isa = PBXFileReference; lastKnownFileType = sourcecode.swift; path = HomeViewController.swift; sourceTree = "<group>"; };
		536BDDB62C189B240043B1DA /* Assets.xcassets */ = {isa = PBXFileReference; lastKnownFileType = folder.assetcatalog; path = Assets.xcassets; sourceTree = "<group>"; };
		536BDDB92C189B240043B1DA /* Base */ = {isa = PBXFileReference; lastKnownFileType = file.storyboard; name = Base; path = Base.lproj/LaunchScreen.storyboard; sourceTree = "<group>"; };
		536BDDBB2C189B240043B1DA /* Info.plist */ = {isa = PBXFileReference; lastKnownFileType = text.plist.xml; path = Info.plist; sourceTree = "<group>"; };
		536BDDC02C189B240043B1DA /* CatchMateTests.xctest */ = {isa = PBXFileReference; explicitFileType = wrapper.cfbundle; includeInIndex = 0; path = CatchMateTests.xctest; sourceTree = BUILT_PRODUCTS_DIR; };
		536BDDC42C189B240043B1DA /* CatchMateTests.swift */ = {isa = PBXFileReference; lastKnownFileType = sourcecode.swift; path = CatchMateTests.swift; sourceTree = "<group>"; };
		536BDDCA2C189B240043B1DA /* CatchMateUITests.xctest */ = {isa = PBXFileReference; explicitFileType = wrapper.cfbundle; includeInIndex = 0; path = CatchMateUITests.xctest; sourceTree = BUILT_PRODUCTS_DIR; };
		536BDDCE2C189B240043B1DA /* CatchMateUITests.swift */ = {isa = PBXFileReference; lastKnownFileType = sourcecode.swift; path = CatchMateUITests.swift; sourceTree = "<group>"; };
		536BDDD02C189B240043B1DA /* CatchMateUITestsLaunchTests.swift */ = {isa = PBXFileReference; lastKnownFileType = sourcecode.swift; path = CatchMateUITestsLaunchTests.swift; sourceTree = "<group>"; };
		536BDDDF2C196C380043B1DA /* APIKeys.plist */ = {isa = PBXFileReference; lastKnownFileType = text.plist.xml; path = APIKeys.plist; sourceTree = "<group>"; };
		536BDDE12C196F510043B1DA /* Bundle+Extension.swift */ = {isa = PBXFileReference; lastKnownFileType = sourcecode.swift; path = "Bundle+Extension.swift"; sourceTree = "<group>"; };
		536BDDE82C1971C70043B1DA /* LoginReactor.swift */ = {isa = PBXFileReference; lastKnownFileType = sourcecode.swift; path = LoginReactor.swift; sourceTree = "<group>"; };
		536BDDEB2C19720E0043B1DA /* User.swift */ = {isa = PBXFileReference; lastKnownFileType = sourcecode.swift; path = User.swift; sourceTree = "<group>"; };
		536BDDEF2C1972360043B1DA /* LoginUseCase.swift */ = {isa = PBXFileReference; lastKnownFileType = sourcecode.swift; path = LoginUseCase.swift; sourceTree = "<group>"; };
		536BDDF22C1972530043B1DA /* LoginRepository.swift */ = {isa = PBXFileReference; lastKnownFileType = sourcecode.swift; path = LoginRepository.swift; sourceTree = "<group>"; };
		536BDDF52C1972740043B1DA /* UserDTO.swift */ = {isa = PBXFileReference; lastKnownFileType = sourcecode.swift; path = UserDTO.swift; sourceTree = "<group>"; };
		536BDDF82C1972880043B1DA /* UserMapper.swift */ = {isa = PBXFileReference; lastKnownFileType = sourcecode.swift; path = UserMapper.swift; sourceTree = "<group>"; };
		536BDDFB2C1972A00043B1DA /* UserRepositoryImpl.swift */ = {isa = PBXFileReference; lastKnownFileType = sourcecode.swift; path = UserRepositoryImpl.swift; sourceTree = "<group>"; };
		536BDDFE2C1972D30043B1DA /* UserDataSource.swift */ = {isa = PBXFileReference; lastKnownFileType = sourcecode.swift; path = UserDataSource.swift; sourceTree = "<group>"; };
		536BDE012C1973050043B1DA /* TeamButton.swift */ = {isa = PBXFileReference; lastKnownFileType = sourcecode.swift; path = TeamButton.swift; sourceTree = "<group>"; };
		536BDE112C1B51FD0043B1DA /* TabBarController.swift */ = {isa = PBXFileReference; lastKnownFileType = sourcecode.swift; path = TabBarController.swift; sourceTree = "<group>"; };
		536BDE262C1B53150043B1DA /* UIColor+Extension.swift */ = {isa = PBXFileReference; lastKnownFileType = sourcecode.swift; path = "UIColor+Extension.swift"; sourceTree = "<group>"; };
		536BDE282C1B53860043B1DA /* Color.swift */ = {isa = PBXFileReference; lastKnownFileType = sourcecode.swift; path = Color.swift; sourceTree = "<group>"; };
		536BDE2A2C1B54C80043B1DA /* ChatListViewController.swift */ = {isa = PBXFileReference; lastKnownFileType = sourcecode.swift; path = ChatListViewController.swift; sourceTree = "<group>"; };
		536BDE2C2C1B55080043B1DA /* AddViewController.swift */ = {isa = PBXFileReference; lastKnownFileType = sourcecode.swift; path = AddViewController.swift; sourceTree = "<group>"; };
		536BDE2E2C1B55240043B1DA /* NotiViewController.swift */ = {isa = PBXFileReference; lastKnownFileType = sourcecode.swift; path = NotiViewController.swift; sourceTree = "<group>"; };
		536BDE302C1B55440043B1DA /* MyPageViewController.swift */ = {isa = PBXFileReference; lastKnownFileType = sourcecode.swift; path = MyPageViewController.swift; sourceTree = "<group>"; };
		536BDE332C1B57B10043B1DA /* HomeFilterButton.swift */ = {isa = PBXFileReference; lastKnownFileType = sourcecode.swift; path = HomeFilterButton.swift; sourceTree = "<group>"; };
		536BDE352C1BEC870043B1DA /* ListCardViewTableViewCell.swift */ = {isa = PBXFileReference; lastKnownFileType = sourcecode.swift; path = ListCardViewTableViewCell.swift; sourceTree = "<group>"; };
		536BDE372C1C07990043B1DA /* PaddingLabel.swift */ = {isa = PBXFileReference; lastKnownFileType = sourcecode.swift; path = PaddingLabel.swift; sourceTree = "<group>"; };
		536BDE392C1C1F210043B1DA /* HomeReactor.swift */ = {isa = PBXFileReference; lastKnownFileType = sourcecode.swift; path = HomeReactor.swift; sourceTree = "<group>"; };
/* End PBXFileReference section */

/* Begin PBXFrameworksBuildPhase section */
		536BDDA72C189B230043B1DA /* Frameworks */ = {
			isa = PBXFrameworksBuildPhase;
			buildActionMask = 2147483647;
			files = (
				536BDE1F2C1B52510043B1DA /* RxSwift in Frameworks */,
				536BDE1D2C1B52510043B1DA /* RxRelay in Frameworks */,
				536BDE212C1B52510043B1DA /* ReactorKit in Frameworks */,
				536BDE192C1B52510043B1DA /* SnapKit in Frameworks */,
				536BDE152C1B52510043B1DA /* PinLayout in Frameworks */,
				536BDE232C1B52510043B1DA /* RxAlamofire in Frameworks */,
				536BDE1B2C1B52510043B1DA /* RxCocoa in Frameworks */,
				536BDE172C1B52510043B1DA /* FlexLayout in Frameworks */,
			);
			runOnlyForDeploymentPostprocessing = 0;
		};
		536BDDBD2C189B240043B1DA /* Frameworks */ = {
			isa = PBXFrameworksBuildPhase;
			buildActionMask = 2147483647;
			files = (
			);
			runOnlyForDeploymentPostprocessing = 0;
		};
		536BDDC72C189B240043B1DA /* Frameworks */ = {
			isa = PBXFrameworksBuildPhase;
			buildActionMask = 2147483647;
			files = (
			);
			runOnlyForDeploymentPostprocessing = 0;
		};
/* End PBXFrameworksBuildPhase section */

/* Begin PBXGroup section */
		5317865E2C1EAC4B00ACEF6A /* Constraints */ = {
			isa = PBXGroup;
			children = (
				5317865C2C1EAC4700ACEF6A /* Screen.swift */,
			);
			path = Constraints;
			sourceTree = "<group>";
		};
		531786692C200D4700ACEF6A /* Base */ = {
			isa = PBXGroup;
			children = (
				531786522C1C8BFB00ACEF6A /* BaseViewController.swift */,
				5317866A2C200D6000ACEF6A /* BasePickerViewController.swift */,
			);
			path = Base;
			sourceTree = "<group>";
		};
		531786722C202F0300ACEF6A /* Service */ = {
			isa = PBXGroup;
			children = (
				531786702C202EF500ACEF6A /* DIContainerService.swift */,
				531786732C202F1B00ACEF6A /* NetworkService.swift */,
			);
			path = Service;
			sourceTree = "<group>";
		};
		536BDDA12C189B230043B1DA = {
			isa = PBXGroup;
			children = (
				536BDDAC2C189B230043B1DA /* CatchMate */,
				536BDDC32C189B240043B1DA /* CatchMateTests */,
				536BDDCD2C189B240043B1DA /* CatchMateUITests */,
				536BDDAB2C189B230043B1DA /* Products */,
				536BDE132C1B52510043B1DA /* Frameworks */,
			);
			sourceTree = "<group>";
		};
		536BDDAB2C189B230043B1DA /* Products */ = {
			isa = PBXGroup;
			children = (
				536BDDAA2C189B230043B1DA /* CatchMate.app */,
				536BDDC02C189B240043B1DA /* CatchMateTests.xctest */,
				536BDDCA2C189B240043B1DA /* CatchMateUITests.xctest */,
			);
			name = Products;
			sourceTree = "<group>";
		};
		536BDDAC2C189B230043B1DA /* CatchMate */ = {
			isa = PBXGroup;
			children = (
				536BDDDD2C1969370043B1DA /* APP */,
				536BDDDE2C196BEB0043B1DA /* Resources */,
				536BDDE32C196FD10043B1DA /* Utilities */,
				536BDDE52C1971830043B1DA /* Presentaions */,
				536BDDEA2C1971D20043B1DA /* Domain */,
				536BDDF42C1972590043B1DA /* Data */,
				536BDE032C1973090043B1DA /* DesignSystem */,
			);
			path = CatchMate;
			sourceTree = "<group>";
		};
		536BDDC32C189B240043B1DA /* CatchMateTests */ = {
			isa = PBXGroup;
			children = (
				536BDDC42C189B240043B1DA /* CatchMateTests.swift */,
			);
			path = CatchMateTests;
			sourceTree = "<group>";
		};
		536BDDCD2C189B240043B1DA /* CatchMateUITests */ = {
			isa = PBXGroup;
			children = (
				536BDDCE2C189B240043B1DA /* CatchMateUITests.swift */,
				536BDDD02C189B240043B1DA /* CatchMateUITestsLaunchTests.swift */,
			);
			path = CatchMateUITests;
			sourceTree = "<group>";
		};
		536BDDDD2C1969370043B1DA /* APP */ = {
			isa = PBXGroup;
			children = (
				536BDDAD2C189B230043B1DA /* AppDelegate.swift */,
				536BDDAF2C189B230043B1DA /* SceneDelegate.swift */,
			);
			path = APP;
			sourceTree = "<group>";
		};
		536BDDDE2C196BEB0043B1DA /* Resources */ = {
			isa = PBXGroup;
			children = (
				536BDDB62C189B240043B1DA /* Assets.xcassets */,
				536BDDB82C189B240043B1DA /* LaunchScreen.storyboard */,
				536BDDBB2C189B240043B1DA /* Info.plist */,
				536BDDDF2C196C380043B1DA /* APIKeys.plist */,
			);
			path = Resources;
			sourceTree = "<group>";
		};
		536BDDE32C196FD10043B1DA /* Utilities */ = {
			isa = PBXGroup;
			children = (
				531786692C200D4700ACEF6A /* Base */,
				536BDDE42C196FFD0043B1DA /* Extensions */,
				5317865E2C1EAC4B00ACEF6A /* Constraints */,
				531786722C202F0300ACEF6A /* Service */,
			);
			path = Utilities;
			sourceTree = "<group>";
		};
		536BDDE42C196FFD0043B1DA /* Extensions */ = {
			isa = PBXGroup;
			children = (
				536BDDE12C196F510043B1DA /* Bundle+Extension.swift */,
				536BDE262C1B53150043B1DA /* UIColor+Extension.swift */,
				531786542C1C8E7800ACEF6A /* UIImage+Extension.swift */,
				531786562C1C8F1900ACEF6A /* UIView+Extension.swift */,
				531786582C1C934A00ACEF6A /* UIViewController+Extension.swift */,
			);
			path = Extensions;
			sourceTree = "<group>";
		};
		536BDDE52C1971830043B1DA /* Presentaions */ = {
			isa = PBXGroup;
			children = (
				536BDDE72C1971AF0043B1DA /* ViewModel */,
				536BDDE62C1971950043B1DA /* View */,
			);
			path = Presentaions;
			sourceTree = "<group>";
		};
		536BDDE62C1971950043B1DA /* View */ = {
			isa = PBXGroup;
			children = (
				536BDE102C1B51DE0043B1DA /* TabBar */,
				536BDE322C1B578C0043B1DA /* Home */,
				536BDE2A2C1B54C80043B1DA /* ChatListViewController.swift */,
				536BDE2C2C1B55080043B1DA /* AddViewController.swift */,
				536BDE2E2C1B55240043B1DA /* NotiViewController.swift */,
				536BDE302C1B55440043B1DA /* MyPageViewController.swift */,
			);
			path = View;
			sourceTree = "<group>";
		};
		536BDDE72C1971AF0043B1DA /* ViewModel */ = {
			isa = PBXGroup;
			children = (
				536BDDE82C1971C70043B1DA /* LoginReactor.swift */,
				536BDE392C1C1F210043B1DA /* HomeReactor.swift */,
			);
			path = ViewModel;
			sourceTree = "<group>";
		};
		536BDDEA2C1971D20043B1DA /* Domain */ = {
			isa = PBXGroup;
			children = (
				536BDDF12C19723B0043B1DA /* Repositories */,
				536BDDEE2C1972230043B1DA /* UseCases */,
				536BDDED2C1972120043B1DA /* Model */,
			);
			path = Domain;
			sourceTree = "<group>";
		};
		536BDDED2C1972120043B1DA /* Model */ = {
			isa = PBXGroup;
			children = (
				531786632C1EF30F00ACEF6A /* Team.swift */,
				536BDDEB2C19720E0043B1DA /* User.swift */,
				531786772C20498800ACEF6A /* Post.swift */,
			);
			path = Model;
			sourceTree = "<group>";
		};
		536BDDEE2C1972230043B1DA /* UseCases */ = {
			isa = PBXGroup;
			children = (
				536BDDEF2C1972360043B1DA /* LoginUseCase.swift */,
			);
			path = UseCases;
			sourceTree = "<group>";
		};
		536BDDF12C19723B0043B1DA /* Repositories */ = {
			isa = PBXGroup;
			children = (
				536BDDF22C1972530043B1DA /* LoginRepository.swift */,
				531786752C20494500ACEF6A /* HomeRepository.swift */,
			);
			path = Repositories;
			sourceTree = "<group>";
		};
		536BDDF42C1972590043B1DA /* Data */ = {
			isa = PBXGroup;
			children = (
				536BDDF72C1972780043B1DA /* DTO */,
				536BDDFA2C19728C0043B1DA /* Mapper */,
				536BDDFD2C1972A40043B1DA /* Repositories */,
				536BDE002C1972D80043B1DA /* DataSources */,
			);
			path = Data;
			sourceTree = "<group>";
		};
		536BDDF72C1972780043B1DA /* DTO */ = {
			isa = PBXGroup;
			children = (
				536BDDF52C1972740043B1DA /* UserDTO.swift */,
			);
			path = DTO;
			sourceTree = "<group>";
		};
		536BDDFA2C19728C0043B1DA /* Mapper */ = {
			isa = PBXGroup;
			children = (
				536BDDF82C1972880043B1DA /* UserMapper.swift */,
			);
			path = Mapper;
			sourceTree = "<group>";
		};
		536BDDFD2C1972A40043B1DA /* Repositories */ = {
			isa = PBXGroup;
			children = (
				536BDDFB2C1972A00043B1DA /* UserRepositoryImpl.swift */,
			);
			path = Repositories;
			sourceTree = "<group>";
		};
		536BDE002C1972D80043B1DA /* DataSources */ = {
			isa = PBXGroup;
			children = (
				536BDDFE2C1972D30043B1DA /* UserDataSource.swift */,
			);
			path = DataSources;
			sourceTree = "<group>";
		};
		536BDE032C1973090043B1DA /* DesignSystem */ = {
			isa = PBXGroup;
			children = (
				536BDE252C1B52FB0043B1DA /* Resources */,
				536BDE042C1973140043B1DA /* Components */,
			);
			path = DesignSystem;
			sourceTree = "<group>";
		};
		536BDE042C1973140043B1DA /* Components */ = {
			isa = PBXGroup;
			children = (
				536BDE012C1973050043B1DA /* TeamButton.swift */,
				536BDE372C1C07990043B1DA /* PaddingLabel.swift */,
				531786652C1F014E00ACEF6A /* CMTextField.swift */,
				531786672C20048B00ACEF6A /* CMPickerTextField.swift */,
			);
			path = Components;
			sourceTree = "<group>";
		};
		536BDE102C1B51DE0043B1DA /* TabBar */ = {
			isa = PBXGroup;
			children = (
				536BDE112C1B51FD0043B1DA /* TabBarController.swift */,
			);
			path = TabBar;
			sourceTree = "<group>";
		};
		536BDE132C1B52510043B1DA /* Frameworks */ = {
			isa = PBXGroup;
			children = (
			);
			name = Frameworks;
			sourceTree = "<group>";
		};
		536BDE252C1B52FB0043B1DA /* Resources */ = {
			isa = PBXGroup;
			children = (
				536BDE282C1B53860043B1DA /* Color.swift */,
			);
			path = Resources;
			sourceTree = "<group>";
		};
		536BDE322C1B578C0043B1DA /* Home */ = {
			isa = PBXGroup;
			children = (
				536BDDB12C189B230043B1DA /* HomeViewController.swift */,
				536BDE332C1B57B10043B1DA /* HomeFilterButton.swift */,
				536BDE352C1BEC870043B1DA /* ListCardViewTableViewCell.swift */,
				5317865A2C1C956400ACEF6A /* DateFilterViewController.swift */,
				5317865F2C1EB24D00ACEF6A /* TeamFilterViewController.swift */,
				531786612C1EE6C500ACEF6A /* TeamFilterTableViewCell.swift */,
				5317866C2C200EDB00ACEF6A /* AllFilterViewController.swift */,
			);
			path = Home;
			sourceTree = "<group>";
		};
/* End PBXGroup section */

/* Begin PBXNativeTarget section */
		536BDDA92C189B230043B1DA /* CatchMate */ = {
			isa = PBXNativeTarget;
			buildConfigurationList = 536BDDD42C189B240043B1DA /* Build configuration list for PBXNativeTarget "CatchMate" */;
			buildPhases = (
				536BDDA62C189B230043B1DA /* Sources */,
				536BDDA72C189B230043B1DA /* Frameworks */,
				536BDDA82C189B230043B1DA /* Resources */,
			);
			buildRules = (
			);
			dependencies = (
			);
			name = CatchMate;
			packageProductDependencies = (
				536BDE142C1B52510043B1DA /* PinLayout */,
				536BDE162C1B52510043B1DA /* FlexLayout */,
				536BDE182C1B52510043B1DA /* SnapKit */,
				536BDE1A2C1B52510043B1DA /* RxCocoa */,
				536BDE1C2C1B52510043B1DA /* RxRelay */,
				536BDE1E2C1B52510043B1DA /* RxSwift */,
				536BDE202C1B52510043B1DA /* ReactorKit */,
				536BDE222C1B52510043B1DA /* RxAlamofire */,
			);
			productName = CatchMate;
			productReference = 536BDDAA2C189B230043B1DA /* CatchMate.app */;
			productType = "com.apple.product-type.application";
		};
		536BDDBF2C189B240043B1DA /* CatchMateTests */ = {
			isa = PBXNativeTarget;
			buildConfigurationList = 536BDDD72C189B240043B1DA /* Build configuration list for PBXNativeTarget "CatchMateTests" */;
			buildPhases = (
				536BDDBC2C189B240043B1DA /* Sources */,
				536BDDBD2C189B240043B1DA /* Frameworks */,
				536BDDBE2C189B240043B1DA /* Resources */,
			);
			buildRules = (
			);
			dependencies = (
				536BDDC22C189B240043B1DA /* PBXTargetDependency */,
			);
			name = CatchMateTests;
			productName = CatchMateTests;
			productReference = 536BDDC02C189B240043B1DA /* CatchMateTests.xctest */;
			productType = "com.apple.product-type.bundle.unit-test";
		};
		536BDDC92C189B240043B1DA /* CatchMateUITests */ = {
			isa = PBXNativeTarget;
			buildConfigurationList = 536BDDDA2C189B240043B1DA /* Build configuration list for PBXNativeTarget "CatchMateUITests" */;
			buildPhases = (
				536BDDC62C189B240043B1DA /* Sources */,
				536BDDC72C189B240043B1DA /* Frameworks */,
				536BDDC82C189B240043B1DA /* Resources */,
			);
			buildRules = (
			);
			dependencies = (
				536BDDCC2C189B240043B1DA /* PBXTargetDependency */,
			);
			name = CatchMateUITests;
			productName = CatchMateUITests;
			productReference = 536BDDCA2C189B240043B1DA /* CatchMateUITests.xctest */;
			productType = "com.apple.product-type.bundle.ui-testing";
		};
/* End PBXNativeTarget section */

/* Begin PBXProject section */
		536BDDA22C189B230043B1DA /* Project object */ = {
			isa = PBXProject;
			attributes = {
				BuildIndependentTargetsInParallel = 1;
				LastSwiftUpdateCheck = 1530;
				LastUpgradeCheck = 1530;
				TargetAttributes = {
					536BDDA92C189B230043B1DA = {
						CreatedOnToolsVersion = 15.3;
					};
					536BDDBF2C189B240043B1DA = {
						CreatedOnToolsVersion = 15.3;
						TestTargetID = 536BDDA92C189B230043B1DA;
					};
					536BDDC92C189B240043B1DA = {
						CreatedOnToolsVersion = 15.3;
						TestTargetID = 536BDDA92C189B230043B1DA;
					};
				};
			};
			buildConfigurationList = 536BDDA52C189B230043B1DA /* Build configuration list for PBXProject "CatchMate" */;
			compatibilityVersion = "Xcode 14.0";
			developmentRegion = en;
			hasScannedForEncodings = 0;
			knownRegions = (
				en,
				Base,
			);
			mainGroup = 536BDDA12C189B230043B1DA;
			packageReferences = (
				536BDE092C1B4F1F0043B1DA /* XCRemoteSwiftPackageReference "PinLayout" */,
				536BDE0A2C1B4F910043B1DA /* XCRemoteSwiftPackageReference "FlexLayout" */,
				536BDE0B2C1B4F9E0043B1DA /* XCRemoteSwiftPackageReference "SnapKit" */,
				536BDE0D2C1B50BC0043B1DA /* XCRemoteSwiftPackageReference "RxSwift" */,
				536BDE0E2C1B50CB0043B1DA /* XCRemoteSwiftPackageReference "ReactorKit" */,
				536BDE0F2C1B51440043B1DA /* XCRemoteSwiftPackageReference "RxAlamofire" */,
			);
			productRefGroup = 536BDDAB2C189B230043B1DA /* Products */;
			projectDirPath = "";
			projectRoot = "";
			targets = (
				536BDDA92C189B230043B1DA /* CatchMate */,
				536BDDBF2C189B240043B1DA /* CatchMateTests */,
				536BDDC92C189B240043B1DA /* CatchMateUITests */,
			);
		};
/* End PBXProject section */

/* Begin PBXResourcesBuildPhase section */
		536BDDA82C189B230043B1DA /* Resources */ = {
			isa = PBXResourcesBuildPhase;
			buildActionMask = 2147483647;
			files = (
				536BDDE02C196C380043B1DA /* APIKeys.plist in Resources */,
				536BDDB72C189B240043B1DA /* Assets.xcassets in Resources */,
				536BDDBA2C189B240043B1DA /* Base in Resources */,
			);
			runOnlyForDeploymentPostprocessing = 0;
		};
		536BDDBE2C189B240043B1DA /* Resources */ = {
			isa = PBXResourcesBuildPhase;
			buildActionMask = 2147483647;
			files = (
			);
			runOnlyForDeploymentPostprocessing = 0;
		};
		536BDDC82C189B240043B1DA /* Resources */ = {
			isa = PBXResourcesBuildPhase;
			buildActionMask = 2147483647;
			files = (
			);
			runOnlyForDeploymentPostprocessing = 0;
		};
/* End PBXResourcesBuildPhase section */

/* Begin PBXSourcesBuildPhase section */
		536BDDA62C189B230043B1DA /* Sources */ = {
			isa = PBXSourcesBuildPhase;
			buildActionMask = 2147483647;
			files = (
				531786762C20494500ACEF6A /* HomeRepository.swift in Sources */,
				536BDDB22C189B230043B1DA /* HomeViewController.swift in Sources */,
				536BDDF92C1972880043B1DA /* UserMapper.swift in Sources */,
				531786782C20498800ACEF6A /* Post.swift in Sources */,
				536BDE2D2C1B55080043B1DA /* AddViewController.swift in Sources */,
				531786602C1EB24D00ACEF6A /* TeamFilterViewController.swift in Sources */,
				536BDDFC2C1972A00043B1DA /* UserRepositoryImpl.swift in Sources */,
				531786592C1C934A00ACEF6A /* UIViewController+Extension.swift in Sources */,
				5317865D2C1EAC4700ACEF6A /* Screen.swift in Sources */,
				536BDDF32C1972530043B1DA /* LoginRepository.swift in Sources */,
				531786622C1EE6C500ACEF6A /* TeamFilterTableViewCell.swift in Sources */,
				536BDE3A2C1C1F210043B1DA /* HomeReactor.swift in Sources */,
				536BDDAE2C189B230043B1DA /* AppDelegate.swift in Sources */,
				536BDE292C1B53860043B1DA /* Color.swift in Sources */,
				5317866D2C200EDB00ACEF6A /* AllFilterViewController.swift in Sources */,
				536BDE2F2C1B55240043B1DA /* NotiViewController.swift in Sources */,
				536BDE362C1BEC870043B1DA /* ListCardViewTableViewCell.swift in Sources */,
				536BDDFF2C1972D30043B1DA /* UserDataSource.swift in Sources */,
				536BDDEC2C19720E0043B1DA /* User.swift in Sources */,
				531786572C1C8F1900ACEF6A /* UIView+Extension.swift in Sources */,
				536BDDE92C1971C70043B1DA /* LoginReactor.swift in Sources */,
				531786552C1C8E7800ACEF6A /* UIImage+Extension.swift in Sources */,
				536BDE342C1B57B10043B1DA /* HomeFilterButton.swift in Sources */,
				536BDE022C1973050043B1DA /* TeamButton.swift in Sources */,
				536BDE272C1B53150043B1DA /* UIColor+Extension.swift in Sources */,
				536BDDF02C1972360043B1DA /* LoginUseCase.swift in Sources */,
				536BDE382C1C07990043B1DA /* PaddingLabel.swift in Sources */,
				536BDE2B2C1B54C80043B1DA /* ChatListViewController.swift in Sources */,
				536BDE312C1B55440043B1DA /* MyPageViewController.swift in Sources */,
				531786682C20048B00ACEF6A /* CMPickerTextField.swift in Sources */,
				531786532C1C8BFB00ACEF6A /* BaseViewController.swift in Sources */,
				536BDDF62C1972740043B1DA /* UserDTO.swift in Sources */,
				531786712C202EF500ACEF6A /* DIContainerService.swift in Sources */,
				536BDE122C1B51FD0043B1DA /* TabBarController.swift in Sources */,
				536BDDB02C189B230043B1DA /* SceneDelegate.swift in Sources */,
				531786642C1EF30F00ACEF6A /* Team.swift in Sources */,
				531786662C1F014E00ACEF6A /* CMTextField.swift in Sources */,
				5317866B2C200D6000ACEF6A /* BasePickerViewController.swift in Sources */,
				536BDDE22C196F510043B1DA /* Bundle+Extension.swift in Sources */,
				531786742C202F1B00ACEF6A /* NetworkService.swift in Sources */,
				5317865B2C1C956400ACEF6A /* DateFilterViewController.swift in Sources */,
			);
			runOnlyForDeploymentPostprocessing = 0;
		};
		536BDDBC2C189B240043B1DA /* Sources */ = {
			isa = PBXSourcesBuildPhase;
			buildActionMask = 2147483647;
			files = (
				536BDDC52C189B240043B1DA /* CatchMateTests.swift in Sources */,
			);
			runOnlyForDeploymentPostprocessing = 0;
		};
		536BDDC62C189B240043B1DA /* Sources */ = {
			isa = PBXSourcesBuildPhase;
			buildActionMask = 2147483647;
			files = (
				536BDDCF2C189B240043B1DA /* CatchMateUITests.swift in Sources */,
				536BDDD12C189B240043B1DA /* CatchMateUITestsLaunchTests.swift in Sources */,
			);
			runOnlyForDeploymentPostprocessing = 0;
		};
/* End PBXSourcesBuildPhase section */

/* Begin PBXTargetDependency section */
		536BDDC22C189B240043B1DA /* PBXTargetDependency */ = {
			isa = PBXTargetDependency;
			target = 536BDDA92C189B230043B1DA /* CatchMate */;
			targetProxy = 536BDDC12C189B240043B1DA /* PBXContainerItemProxy */;
		};
		536BDDCC2C189B240043B1DA /* PBXTargetDependency */ = {
			isa = PBXTargetDependency;
			target = 536BDDA92C189B230043B1DA /* CatchMate */;
			targetProxy = 536BDDCB2C189B240043B1DA /* PBXContainerItemProxy */;
		};
/* End PBXTargetDependency section */

/* Begin PBXVariantGroup section */
		536BDDB82C189B240043B1DA /* LaunchScreen.storyboard */ = {
			isa = PBXVariantGroup;
			children = (
				536BDDB92C189B240043B1DA /* Base */,
			);
			name = LaunchScreen.storyboard;
			sourceTree = "<group>";
		};
/* End PBXVariantGroup section */

/* Begin XCBuildConfiguration section */
		536BDDD22C189B240043B1DA /* Debug */ = {
			isa = XCBuildConfiguration;
			buildSettings = {
				ALWAYS_SEARCH_USER_PATHS = NO;
				ASSETCATALOG_COMPILER_GENERATE_SWIFT_ASSET_SYMBOL_EXTENSIONS = YES;
				CLANG_ANALYZER_NONNULL = YES;
				CLANG_ANALYZER_NUMBER_OBJECT_CONVERSION = YES_AGGRESSIVE;
				CLANG_CXX_LANGUAGE_STANDARD = "gnu++20";
				CLANG_ENABLE_MODULES = YES;
				CLANG_ENABLE_OBJC_ARC = YES;
				CLANG_ENABLE_OBJC_WEAK = YES;
				CLANG_WARN_BLOCK_CAPTURE_AUTORELEASING = YES;
				CLANG_WARN_BOOL_CONVERSION = YES;
				CLANG_WARN_COMMA = YES;
				CLANG_WARN_CONSTANT_CONVERSION = YES;
				CLANG_WARN_DEPRECATED_OBJC_IMPLEMENTATIONS = YES;
				CLANG_WARN_DIRECT_OBJC_ISA_USAGE = YES_ERROR;
				CLANG_WARN_DOCUMENTATION_COMMENTS = YES;
				CLANG_WARN_EMPTY_BODY = YES;
				CLANG_WARN_ENUM_CONVERSION = YES;
				CLANG_WARN_INFINITE_RECURSION = YES;
				CLANG_WARN_INT_CONVERSION = YES;
				CLANG_WARN_NON_LITERAL_NULL_CONVERSION = YES;
				CLANG_WARN_OBJC_IMPLICIT_RETAIN_SELF = YES;
				CLANG_WARN_OBJC_LITERAL_CONVERSION = YES;
				CLANG_WARN_OBJC_ROOT_CLASS = YES_ERROR;
				CLANG_WARN_QUOTED_INCLUDE_IN_FRAMEWORK_HEADER = YES;
				CLANG_WARN_RANGE_LOOP_ANALYSIS = YES;
				CLANG_WARN_STRICT_PROTOTYPES = YES;
				CLANG_WARN_SUSPICIOUS_MOVE = YES;
				CLANG_WARN_UNGUARDED_AVAILABILITY = YES_AGGRESSIVE;
				CLANG_WARN_UNREACHABLE_CODE = YES;
				CLANG_WARN__DUPLICATE_METHOD_MATCH = YES;
				COPY_PHASE_STRIP = NO;
				DEBUG_INFORMATION_FORMAT = dwarf;
				ENABLE_STRICT_OBJC_MSGSEND = YES;
				ENABLE_TESTABILITY = YES;
				ENABLE_USER_SCRIPT_SANDBOXING = YES;
				GCC_C_LANGUAGE_STANDARD = gnu17;
				GCC_DYNAMIC_NO_PIC = NO;
				GCC_NO_COMMON_BLOCKS = YES;
				GCC_OPTIMIZATION_LEVEL = 0;
				GCC_PREPROCESSOR_DEFINITIONS = (
					"DEBUG=1",
					"$(inherited)",
				);
				GCC_WARN_64_TO_32_BIT_CONVERSION = YES;
				GCC_WARN_ABOUT_RETURN_TYPE = YES_ERROR;
				GCC_WARN_UNDECLARED_SELECTOR = YES;
				GCC_WARN_UNINITIALIZED_AUTOS = YES_AGGRESSIVE;
				GCC_WARN_UNUSED_FUNCTION = YES;
				GCC_WARN_UNUSED_VARIABLE = YES;
				IPHONEOS_DEPLOYMENT_TARGET = 17.4;
				LOCALIZATION_PREFERS_STRING_CATALOGS = YES;
				MTL_ENABLE_DEBUG_INFO = INCLUDE_SOURCE;
				MTL_FAST_MATH = YES;
				ONLY_ACTIVE_ARCH = YES;
				SDKROOT = iphoneos;
				SWIFT_ACTIVE_COMPILATION_CONDITIONS = "DEBUG $(inherited)";
				SWIFT_OPTIMIZATION_LEVEL = "-Onone";
			};
			name = Debug;
		};
		536BDDD32C189B240043B1DA /* Release */ = {
			isa = XCBuildConfiguration;
			buildSettings = {
				ALWAYS_SEARCH_USER_PATHS = NO;
				ASSETCATALOG_COMPILER_GENERATE_SWIFT_ASSET_SYMBOL_EXTENSIONS = YES;
				CLANG_ANALYZER_NONNULL = YES;
				CLANG_ANALYZER_NUMBER_OBJECT_CONVERSION = YES_AGGRESSIVE;
				CLANG_CXX_LANGUAGE_STANDARD = "gnu++20";
				CLANG_ENABLE_MODULES = YES;
				CLANG_ENABLE_OBJC_ARC = YES;
				CLANG_ENABLE_OBJC_WEAK = YES;
				CLANG_WARN_BLOCK_CAPTURE_AUTORELEASING = YES;
				CLANG_WARN_BOOL_CONVERSION = YES;
				CLANG_WARN_COMMA = YES;
				CLANG_WARN_CONSTANT_CONVERSION = YES;
				CLANG_WARN_DEPRECATED_OBJC_IMPLEMENTATIONS = YES;
				CLANG_WARN_DIRECT_OBJC_ISA_USAGE = YES_ERROR;
				CLANG_WARN_DOCUMENTATION_COMMENTS = YES;
				CLANG_WARN_EMPTY_BODY = YES;
				CLANG_WARN_ENUM_CONVERSION = YES;
				CLANG_WARN_INFINITE_RECURSION = YES;
				CLANG_WARN_INT_CONVERSION = YES;
				CLANG_WARN_NON_LITERAL_NULL_CONVERSION = YES;
				CLANG_WARN_OBJC_IMPLICIT_RETAIN_SELF = YES;
				CLANG_WARN_OBJC_LITERAL_CONVERSION = YES;
				CLANG_WARN_OBJC_ROOT_CLASS = YES_ERROR;
				CLANG_WARN_QUOTED_INCLUDE_IN_FRAMEWORK_HEADER = YES;
				CLANG_WARN_RANGE_LOOP_ANALYSIS = YES;
				CLANG_WARN_STRICT_PROTOTYPES = YES;
				CLANG_WARN_SUSPICIOUS_MOVE = YES;
				CLANG_WARN_UNGUARDED_AVAILABILITY = YES_AGGRESSIVE;
				CLANG_WARN_UNREACHABLE_CODE = YES;
				CLANG_WARN__DUPLICATE_METHOD_MATCH = YES;
				COPY_PHASE_STRIP = NO;
				DEBUG_INFORMATION_FORMAT = "dwarf-with-dsym";
				ENABLE_NS_ASSERTIONS = NO;
				ENABLE_STRICT_OBJC_MSGSEND = YES;
				ENABLE_USER_SCRIPT_SANDBOXING = YES;
				GCC_C_LANGUAGE_STANDARD = gnu17;
				GCC_NO_COMMON_BLOCKS = YES;
				GCC_WARN_64_TO_32_BIT_CONVERSION = YES;
				GCC_WARN_ABOUT_RETURN_TYPE = YES_ERROR;
				GCC_WARN_UNDECLARED_SELECTOR = YES;
				GCC_WARN_UNINITIALIZED_AUTOS = YES_AGGRESSIVE;
				GCC_WARN_UNUSED_FUNCTION = YES;
				GCC_WARN_UNUSED_VARIABLE = YES;
				IPHONEOS_DEPLOYMENT_TARGET = 17.4;
				LOCALIZATION_PREFERS_STRING_CATALOGS = YES;
				MTL_ENABLE_DEBUG_INFO = NO;
				MTL_FAST_MATH = YES;
				SDKROOT = iphoneos;
				SWIFT_COMPILATION_MODE = wholemodule;
				VALIDATE_PRODUCT = YES;
			};
			name = Release;
		};
		536BDDD52C189B240043B1DA /* Debug */ = {
			isa = XCBuildConfiguration;
			buildSettings = {
				ASSETCATALOG_COMPILER_APPICON_NAME = AppIcon;
				ASSETCATALOG_COMPILER_GLOBAL_ACCENT_COLOR_NAME = AccentColor;
				CODE_SIGN_STYLE = Automatic;
				CURRENT_PROJECT_VERSION = 1;
				DEVELOPMENT_TEAM = 977J65FA28;
				GENERATE_INFOPLIST_FILE = YES;
				INFOPLIST_FILE = CatchMate/Resources/Info.plist;
				INFOPLIST_KEY_UIApplicationSupportsIndirectInputEvents = YES;
				INFOPLIST_KEY_UILaunchStoryboardName = LaunchScreen;
				INFOPLIST_KEY_UISupportedInterfaceOrientations_iPad = "UIInterfaceOrientationPortrait UIInterfaceOrientationPortraitUpsideDown UIInterfaceOrientationLandscapeLeft UIInterfaceOrientationLandscapeRight";
				INFOPLIST_KEY_UISupportedInterfaceOrientations_iPhone = "UIInterfaceOrientationPortrait UIInterfaceOrientationLandscapeLeft UIInterfaceOrientationLandscapeRight";
				IPHONEOS_DEPLOYMENT_TARGET = 16.0;
				LD_RUNPATH_SEARCH_PATHS = (
					"$(inherited)",
					"@executable_path/Frameworks",
				);
				MARKETING_VERSION = 1.0;
				PRODUCT_BUNDLE_IDENTIFIER = com.tori.CatchMate;
				PRODUCT_NAME = "$(TARGET_NAME)";
				SUPPORTED_PLATFORMS = "iphoneos iphonesimulator";
				SUPPORTS_MACCATALYST = NO;
				SUPPORTS_MAC_DESIGNED_FOR_IPHONE_IPAD = NO;
				SUPPORTS_XR_DESIGNED_FOR_IPHONE_IPAD = NO;
				SWIFT_EMIT_LOC_STRINGS = YES;
				SWIFT_VERSION = 5.0;
				TARGETED_DEVICE_FAMILY = 1;
			};
			name = Debug;
		};
		536BDDD62C189B240043B1DA /* Release */ = {
			isa = XCBuildConfiguration;
			buildSettings = {
				ASSETCATALOG_COMPILER_APPICON_NAME = AppIcon;
				ASSETCATALOG_COMPILER_GLOBAL_ACCENT_COLOR_NAME = AccentColor;
				CODE_SIGN_STYLE = Automatic;
				CURRENT_PROJECT_VERSION = 1;
				DEVELOPMENT_TEAM = 977J65FA28;
				GENERATE_INFOPLIST_FILE = YES;
				INFOPLIST_FILE = CatchMate/Resources/Info.plist;
				INFOPLIST_KEY_UIApplicationSupportsIndirectInputEvents = YES;
				INFOPLIST_KEY_UILaunchStoryboardName = LaunchScreen;
				INFOPLIST_KEY_UISupportedInterfaceOrientations_iPad = "UIInterfaceOrientationPortrait UIInterfaceOrientationPortraitUpsideDown UIInterfaceOrientationLandscapeLeft UIInterfaceOrientationLandscapeRight";
				INFOPLIST_KEY_UISupportedInterfaceOrientations_iPhone = "UIInterfaceOrientationPortrait UIInterfaceOrientationLandscapeLeft UIInterfaceOrientationLandscapeRight";
				IPHONEOS_DEPLOYMENT_TARGET = 16.0;
				LD_RUNPATH_SEARCH_PATHS = (
					"$(inherited)",
					"@executable_path/Frameworks",
				);
				MARKETING_VERSION = 1.0;
				PRODUCT_BUNDLE_IDENTIFIER = com.tori.CatchMate;
				PRODUCT_NAME = "$(TARGET_NAME)";
				SUPPORTED_PLATFORMS = "iphoneos iphonesimulator";
				SUPPORTS_MACCATALYST = NO;
				SUPPORTS_MAC_DESIGNED_FOR_IPHONE_IPAD = NO;
				SUPPORTS_XR_DESIGNED_FOR_IPHONE_IPAD = NO;
				SWIFT_EMIT_LOC_STRINGS = YES;
				SWIFT_VERSION = 5.0;
				TARGETED_DEVICE_FAMILY = 1;
			};
			name = Release;
		};
		536BDDD82C189B240043B1DA /* Debug */ = {
			isa = XCBuildConfiguration;
			buildSettings = {
				ALWAYS_EMBED_SWIFT_STANDARD_LIBRARIES = YES;
				BUNDLE_LOADER = "$(TEST_HOST)";
				CODE_SIGN_STYLE = Automatic;
				CURRENT_PROJECT_VERSION = 1;
				DEVELOPMENT_TEAM = 977J65FA28;
				GENERATE_INFOPLIST_FILE = YES;
				IPHONEOS_DEPLOYMENT_TARGET = 17.4;
				MARKETING_VERSION = 1.0;
				PRODUCT_BUNDLE_IDENTIFIER = com.tori.CatchMateTests;
				PRODUCT_NAME = "$(TARGET_NAME)";
				SWIFT_EMIT_LOC_STRINGS = NO;
				SWIFT_VERSION = 5.0;
				TARGETED_DEVICE_FAMILY = "1,2";
				TEST_HOST = "$(BUILT_PRODUCTS_DIR)/CatchMate.app/$(BUNDLE_EXECUTABLE_FOLDER_PATH)/CatchMate";
			};
			name = Debug;
		};
		536BDDD92C189B240043B1DA /* Release */ = {
			isa = XCBuildConfiguration;
			buildSettings = {
				ALWAYS_EMBED_SWIFT_STANDARD_LIBRARIES = YES;
				BUNDLE_LOADER = "$(TEST_HOST)";
				CODE_SIGN_STYLE = Automatic;
				CURRENT_PROJECT_VERSION = 1;
				DEVELOPMENT_TEAM = 977J65FA28;
				GENERATE_INFOPLIST_FILE = YES;
				IPHONEOS_DEPLOYMENT_TARGET = 17.4;
				MARKETING_VERSION = 1.0;
				PRODUCT_BUNDLE_IDENTIFIER = com.tori.CatchMateTests;
				PRODUCT_NAME = "$(TARGET_NAME)";
				SWIFT_EMIT_LOC_STRINGS = NO;
				SWIFT_VERSION = 5.0;
				TARGETED_DEVICE_FAMILY = "1,2";
				TEST_HOST = "$(BUILT_PRODUCTS_DIR)/CatchMate.app/$(BUNDLE_EXECUTABLE_FOLDER_PATH)/CatchMate";
			};
			name = Release;
		};
		536BDDDB2C189B240043B1DA /* Debug */ = {
			isa = XCBuildConfiguration;
			buildSettings = {
				ALWAYS_EMBED_SWIFT_STANDARD_LIBRARIES = YES;
				CODE_SIGN_STYLE = Automatic;
				CURRENT_PROJECT_VERSION = 1;
				DEVELOPMENT_TEAM = 977J65FA28;
				GENERATE_INFOPLIST_FILE = YES;
				MARKETING_VERSION = 1.0;
				PRODUCT_BUNDLE_IDENTIFIER = com.tori.CatchMateUITests;
				PRODUCT_NAME = "$(TARGET_NAME)";
				SWIFT_EMIT_LOC_STRINGS = NO;
				SWIFT_VERSION = 5.0;
				TARGETED_DEVICE_FAMILY = "1,2";
				TEST_TARGET_NAME = CatchMate;
			};
			name = Debug;
		};
		536BDDDC2C189B240043B1DA /* Release */ = {
			isa = XCBuildConfiguration;
			buildSettings = {
				ALWAYS_EMBED_SWIFT_STANDARD_LIBRARIES = YES;
				CODE_SIGN_STYLE = Automatic;
				CURRENT_PROJECT_VERSION = 1;
				DEVELOPMENT_TEAM = 977J65FA28;
				GENERATE_INFOPLIST_FILE = YES;
				MARKETING_VERSION = 1.0;
				PRODUCT_BUNDLE_IDENTIFIER = com.tori.CatchMateUITests;
				PRODUCT_NAME = "$(TARGET_NAME)";
				SWIFT_EMIT_LOC_STRINGS = NO;
				SWIFT_VERSION = 5.0;
				TARGETED_DEVICE_FAMILY = "1,2";
				TEST_TARGET_NAME = CatchMate;
			};
			name = Release;
		};
/* End XCBuildConfiguration section */

/* Begin XCConfigurationList section */
		536BDDA52C189B230043B1DA /* Build configuration list for PBXProject "CatchMate" */ = {
			isa = XCConfigurationList;
			buildConfigurations = (
				536BDDD22C189B240043B1DA /* Debug */,
				536BDDD32C189B240043B1DA /* Release */,
			);
			defaultConfigurationIsVisible = 0;
			defaultConfigurationName = Release;
		};
		536BDDD42C189B240043B1DA /* Build configuration list for PBXNativeTarget "CatchMate" */ = {
			isa = XCConfigurationList;
			buildConfigurations = (
				536BDDD52C189B240043B1DA /* Debug */,
				536BDDD62C189B240043B1DA /* Release */,
			);
			defaultConfigurationIsVisible = 0;
			defaultConfigurationName = Release;
		};
		536BDDD72C189B240043B1DA /* Build configuration list for PBXNativeTarget "CatchMateTests" */ = {
			isa = XCConfigurationList;
			buildConfigurations = (
				536BDDD82C189B240043B1DA /* Debug */,
				536BDDD92C189B240043B1DA /* Release */,
			);
			defaultConfigurationIsVisible = 0;
			defaultConfigurationName = Release;
		};
		536BDDDA2C189B240043B1DA /* Build configuration list for PBXNativeTarget "CatchMateUITests" */ = {
			isa = XCConfigurationList;
			buildConfigurations = (
				536BDDDB2C189B240043B1DA /* Debug */,
				536BDDDC2C189B240043B1DA /* Release */,
			);
			defaultConfigurationIsVisible = 0;
			defaultConfigurationName = Release;
		};
/* End XCConfigurationList section */

/* Begin XCRemoteSwiftPackageReference section */
		536BDE092C1B4F1F0043B1DA /* XCRemoteSwiftPackageReference "PinLayout" */ = {
			isa = XCRemoteSwiftPackageReference;
			repositoryURL = "https://github.com/layoutBox/PinLayout.git";
			requirement = {
				kind = upToNextMajorVersion;
				minimumVersion = 1.10.5;
			};
		};
		536BDE0A2C1B4F910043B1DA /* XCRemoteSwiftPackageReference "FlexLayout" */ = {
			isa = XCRemoteSwiftPackageReference;
			repositoryURL = "https://github.com/layoutBox/FlexLayout";
			requirement = {
				kind = exactVersion;
				version = 2.0.6;
			};
		};
		536BDE0B2C1B4F9E0043B1DA /* XCRemoteSwiftPackageReference "SnapKit" */ = {
			isa = XCRemoteSwiftPackageReference;
			repositoryURL = "https://github.com/SnapKit/SnapKit";
			requirement = {
				kind = upToNextMajorVersion;
				minimumVersion = 5.7.1;
			};
		};
		536BDE0D2C1B50BC0043B1DA /* XCRemoteSwiftPackageReference "RxSwift" */ = {
			isa = XCRemoteSwiftPackageReference;
			repositoryURL = "https://github.com/ReactiveX/RxSwift";
			requirement = {
				kind = upToNextMajorVersion;
				minimumVersion = 6.6.0;
			};
		};
		536BDE0E2C1B50CB0043B1DA /* XCRemoteSwiftPackageReference "ReactorKit" */ = {
			isa = XCRemoteSwiftPackageReference;
			repositoryURL = "https://github.com/ReactorKit/ReactorKit";
			requirement = {
				kind = upToNextMajorVersion;
				minimumVersion = 3.2.0;
			};
		};
		536BDE0F2C1B51440043B1DA /* XCRemoteSwiftPackageReference "RxAlamofire" */ = {
			isa = XCRemoteSwiftPackageReference;
			repositoryURL = "https://github.com/RxSwiftCommunity/RxAlamofire.git";
			requirement = {
				kind = exactVersion;
				version = 6.1.0;
			};
		};
/* End XCRemoteSwiftPackageReference section */

/* Begin XCSwiftPackageProductDependency section */
		536BDE142C1B52510043B1DA /* PinLayout */ = {
			isa = XCSwiftPackageProductDependency;
			package = 536BDE092C1B4F1F0043B1DA /* XCRemoteSwiftPackageReference "PinLayout" */;
			productName = PinLayout;
		};
		536BDE162C1B52510043B1DA /* FlexLayout */ = {
			isa = XCSwiftPackageProductDependency;
			package = 536BDE0A2C1B4F910043B1DA /* XCRemoteSwiftPackageReference "FlexLayout" */;
			productName = FlexLayout;
		};
		536BDE182C1B52510043B1DA /* SnapKit */ = {
			isa = XCSwiftPackageProductDependency;
			package = 536BDE0B2C1B4F9E0043B1DA /* XCRemoteSwiftPackageReference "SnapKit" */;
			productName = SnapKit;
		};
		536BDE1A2C1B52510043B1DA /* RxCocoa */ = {
			isa = XCSwiftPackageProductDependency;
			package = 536BDE0D2C1B50BC0043B1DA /* XCRemoteSwiftPackageReference "RxSwift" */;
			productName = RxCocoa;
		};
		536BDE1C2C1B52510043B1DA /* RxRelay */ = {
			isa = XCSwiftPackageProductDependency;
			package = 536BDE0D2C1B50BC0043B1DA /* XCRemoteSwiftPackageReference "RxSwift" */;
			productName = RxRelay;
		};
		536BDE1E2C1B52510043B1DA /* RxSwift */ = {
			isa = XCSwiftPackageProductDependency;
			package = 536BDE0D2C1B50BC0043B1DA /* XCRemoteSwiftPackageReference "RxSwift" */;
			productName = RxSwift;
		};
		536BDE202C1B52510043B1DA /* ReactorKit */ = {
			isa = XCSwiftPackageProductDependency;
			package = 536BDE0E2C1B50CB0043B1DA /* XCRemoteSwiftPackageReference "ReactorKit" */;
			productName = ReactorKit;
		};
		536BDE222C1B52510043B1DA /* RxAlamofire */ = {
			isa = XCSwiftPackageProductDependency;
			package = 536BDE0F2C1B51440043B1DA /* XCRemoteSwiftPackageReference "RxAlamofire" */;
			productName = RxAlamofire;
		};
/* End XCSwiftPackageProductDependency section */
	};
	rootObject = 536BDDA22C189B230043B1DA /* Project object */;
}
