// !$*UTF8*$!
{
	archiveVersion = 1;
	classes = {
	};
	objectVersion = 56;
	objects = {

/* Begin PBXBuildFile section */
		536BDDAE2C189B230043B1DA /* AppDelegate.swift in Sources */ = {isa = PBXBuildFile; fileRef = 536BDDAD2C189B230043B1DA /* AppDelegate.swift */; };
		536BDDB02C189B230043B1DA /* SceneDelegate.swift in Sources */ = {isa = PBXBuildFile; fileRef = 536BDDAF2C189B230043B1DA /* SceneDelegate.swift */; };
		536BDDB22C189B230043B1DA /* ViewController.swift in Sources */ = {isa = PBXBuildFile; fileRef = 536BDDB12C189B230043B1DA /* ViewController.swift */; };
		536BDDB52C189B230043B1DA /* Base in Resources */ = {isa = PBXBuildFile; fileRef = 536BDDB42C189B230043B1DA /* Base */; };
		536BDDB72C189B240043B1DA /* Assets.xcassets in Resources */ = {isa = PBXBuildFile; fileRef = 536BDDB62C189B240043B1DA /* Assets.xcassets */; };
		536BDDBA2C189B240043B1DA /* Base in Resources */ = {isa = PBXBuildFile; fileRef = 536BDDB92C189B240043B1DA /* Base */; };
		536BDDC52C189B240043B1DA /* CatchMateTests.swift in Sources */ = {isa = PBXBuildFile; fileRef = 536BDDC42C189B240043B1DA /* CatchMateTests.swift */; };
		536BDDCF2C189B240043B1DA /* CatchMateUITests.swift in Sources */ = {isa = PBXBuildFile; fileRef = 536BDDCE2C189B240043B1DA /* CatchMateUITests.swift */; };
		536BDDD12C189B240043B1DA /* CatchMateUITestsLaunchTests.swift in Sources */ = {isa = PBXBuildFile; fileRef = 536BDDD02C189B240043B1DA /* CatchMateUITestsLaunchTests.swift */; };
/* End PBXBuildFile section */

/* Begin PBXContainerItemProxy section */
		536BDDC12C189B240043B1DA /* PBXContainerItemProxy */ = {
			isa = PBXContainerItemProxy;
			containerPortal = 536BDDA22C189B230043B1DA /* Project object */;
			proxyType = 1;
			remoteGlobalIDString = 536BDDA92C189B230043B1DA;
			remoteInfo = CatchMate;
		};
		536BDDCB2C189B240043B1DA /* PBXContainerItemProxy */ = {
			isa = PBXContainerItemProxy;
			containerPortal = 536BDDA22C189B230043B1DA /* Project object */;
			proxyType = 1;
			remoteGlobalIDString = 536BDDA92C189B230043B1DA;
			remoteInfo = CatchMate;
		};
/* End PBXContainerItemProxy section */

/* Begin PBXFileReference section */
		536BDDAA2C189B230043B1DA /* CatchMate.app */ = {isa = PBXFileReference; explicitFileType = wrapper.application; includeInIndex = 0; path = CatchMate.app; sourceTree = BUILT_PRODUCTS_DIR; };
		536BDDAD2C189B230043B1DA /* AppDelegate.swift */ = {isa = PBXFileReference; lastKnownFileType = sourcecode.swift; path = AppDelegate.swift; sourceTree = "<group>"; };
		536BDDAF2C189B230043B1DA /* SceneDelegate.swift */ = {isa = PBXFileReference; lastKnownFileType = sourcecode.swift; path = SceneDelegate.swift; sourceTree = "<group>"; };
		536BDDB12C189B230043B1DA /* ViewController.swift */ = {isa = PBXFileReference; lastKnownFileType = sourcecode.swift; path = ViewController.swift; sourceTree = "<group>"; };
		536BDDB42C189B230043B1DA /* Base */ = {isa = PBXFileReference; lastKnownFileType = file.storyboard; name = Base; path = Base.lproj/Main.storyboard; sourceTree = "<group>"; };
		536BDDB62C189B240043B1DA /* Assets.xcassets */ = {isa = PBXFileReference; lastKnownFileType = folder.assetcatalog; path = Assets.xcassets; sourceTree = "<group>"; };
		536BDDB92C189B240043B1DA /* Base */ = {isa = PBXFileReference; lastKnownFileType = file.storyboard; name = Base; path = Base.lproj/LaunchScreen.storyboard; sourceTree = "<group>"; };
		536BDDBB2C189B240043B1DA /* Info.plist */ = {isa = PBXFileReference; lastKnownFileType = text.plist.xml; path = Info.plist; sourceTree = "<group>"; };
		536BDDC02C189B240043B1DA /* CatchMateTests.xctest */ = {isa = PBXFileReference; explicitFileType = wrapper.cfbundle; includeInIndex = 0; path = CatchMateTests.xctest; sourceTree = BUILT_PRODUCTS_DIR; };
		536BDDC42C189B240043B1DA /* CatchMateTests.swift */ = {isa = PBXFileReference; lastKnownFileType = sourcecode.swift; path = CatchMateTests.swift; sourceTree = "<group>"; };
		536BDDCA2C189B240043B1DA /* CatchMateUITests.xctest */ = {isa = PBXFileReference; explicitFileType = wrapper.cfbundle; includeInIndex = 0; path = CatchMateUITests.xctest; sourceTree = BUILT_PRODUCTS_DIR; };
		536BDDCE2C189B240043B1DA /* CatchMateUITests.swift */ = {isa = PBXFileReference; lastKnownFileType = sourcecode.swift; path = CatchMateUITests.swift; sourceTree = "<group>"; };
		536BDDD02C189B240043B1DA /* CatchMateUITestsLaunchTests.swift */ = {isa = PBXFileReference; lastKnownFileType = sourcecode.swift; path = CatchMateUITestsLaunchTests.swift; sourceTree = "<group>"; };
/* End PBXFileReference section */

/* Begin PBXFrameworksBuildPhase section */
		536BDDA72C189B230043B1DA /* Frameworks */ = {
			isa = PBXFrameworksBuildPhase;
			buildActionMask = 2147483647;
			files = (
			);
			runOnlyForDeploymentPostprocessing = 0;
		};
		536BDDBD2C189B240043B1DA /* Frameworks */ = {
			isa = PBXFrameworksBuildPhase;
			buildActionMask = 2147483647;
			files = (
			);
			runOnlyForDeploymentPostprocessing = 0;
		};
		536BDDC72C189B240043B1DA /* Frameworks */ = {
			isa = PBXFrameworksBuildPhase;
			buildActionMask = 2147483647;
			files = (
			);
			runOnlyForDeploymentPostprocessing = 0;
		};
/* End PBXFrameworksBuildPhase section */

/* Begin PBXGroup section */
		536BDDA12C189B230043B1DA = {
			isa = PBXGroup;
			children = (
				536BDDAC2C189B230043B1DA /* CatchMate */,
				536BDDC32C189B240043B1DA /* CatchMateTests */,
				536BDDCD2C189B240043B1DA /* CatchMateUITests */,
				536BDDAB2C189B230043B1DA /* Products */,
			);
			sourceTree = "<group>";
		};
		536BDDAB2C189B230043B1DA /* Products */ = {
			isa = PBXGroup;
			children = (
				536BDDAA2C189B230043B1DA /* CatchMate.app */,
				536BDDC02C189B240043B1DA /* CatchMateTests.xctest */,
				536BDDCA2C189B240043B1DA /* CatchMateUITests.xctest */,
			);
			name = Products;
			sourceTree = "<group>";
		};
		536BDDAC2C189B230043B1DA /* CatchMate */ = {
			isa = PBXGroup;
			children = (
				536BDDAD2C189B230043B1DA /* AppDelegate.swift */,
				536BDDAF2C189B230043B1DA /* SceneDelegate.swift */,
				536BDDB12C189B230043B1DA /* ViewController.swift */,
				536BDDB32C189B230043B1DA /* Main.storyboard */,
				536BDDB62C189B240043B1DA /* Assets.xcassets */,
				536BDDB82C189B240043B1DA /* LaunchScreen.storyboard */,
				536BDDBB2C189B240043B1DA /* Info.plist */,
			);
			path = CatchMate;
			sourceTree = "<group>";
		};
		536BDDC32C189B240043B1DA /* CatchMateTests */ = {
			isa = PBXGroup;
			children = (
				536BDDC42C189B240043B1DA /* CatchMateTests.swift */,
			);
			path = CatchMateTests;
			sourceTree = "<group>";
		};
		536BDDCD2C189B240043B1DA /* CatchMateUITests */ = {
			isa = PBXGroup;
			children = (
				536BDDCE2C189B240043B1DA /* CatchMateUITests.swift */,
				536BDDD02C189B240043B1DA /* CatchMateUITestsLaunchTests.swift */,
			);
			path = CatchMateUITests;
			sourceTree = "<group>";
		};
/* End PBXGroup section */

/* Begin PBXNativeTarget section */
		536BDDA92C189B230043B1DA /* CatchMate */ = {
			isa = PBXNativeTarget;
			buildConfigurationList = 536BDDD42C189B240043B1DA /* Build configuration list for PBXNativeTarget "CatchMate" */;
			buildPhases = (
				536BDDA62C189B230043B1DA /* Sources */,
				536BDDA72C189B230043B1DA /* Frameworks */,
				536BDDA82C189B230043B1DA /* Resources */,
			);
			buildRules = (
			);
			dependencies = (
			);
			name = CatchMate;
			productName = CatchMate;
			productReference = 536BDDAA2C189B230043B1DA /* CatchMate.app */;
			productType = "com.apple.product-type.application";
		};
		536BDDBF2C189B240043B1DA /* CatchMateTests */ = {
			isa = PBXNativeTarget;
			buildConfigurationList = 536BDDD72C189B240043B1DA /* Build configuration list for PBXNativeTarget "CatchMateTests" */;
			buildPhases = (
				536BDDBC2C189B240043B1DA /* Sources */,
				536BDDBD2C189B240043B1DA /* Frameworks */,
				536BDDBE2C189B240043B1DA /* Resources */,
			);
			buildRules = (
			);
			dependencies = (
				536BDDC22C189B240043B1DA /* PBXTargetDependency */,
			);
			name = CatchMateTests;
			productName = CatchMateTests;
			productReference = 536BDDC02C189B240043B1DA /* CatchMateTests.xctest */;
			productType = "com.apple.product-type.bundle.unit-test";
		};
		536BDDC92C189B240043B1DA /* CatchMateUITests */ = {
			isa = PBXNativeTarget;
			buildConfigurationList = 536BDDDA2C189B240043B1DA /* Build configuration list for PBXNativeTarget "CatchMateUITests" */;
			buildPhases = (
				536BDDC62C189B240043B1DA /* Sources */,
				536BDDC72C189B240043B1DA /* Frameworks */,
				536BDDC82C189B240043B1DA /* Resources */,
			);
			buildRules = (
			);
			dependencies = (
				536BDDCC2C189B240043B1DA /* PBXTargetDependency */,
			);
			name = CatchMateUITests;
			productName = CatchMateUITests;
			productReference = 536BDDCA2C189B240043B1DA /* CatchMateUITests.xctest */;
			productType = "com.apple.product-type.bundle.ui-testing";
		};
/* End PBXNativeTarget section */

/* Begin PBXProject section */
		536BDDA22C189B230043B1DA /* Project object */ = {
			isa = PBXProject;
			attributes = {
				BuildIndependentTargetsInParallel = 1;
				LastSwiftUpdateCheck = 1530;
				LastUpgradeCheck = 1530;
				TargetAttributes = {
					536BDDA92C189B230043B1DA = {
						CreatedOnToolsVersion = 15.3;
					};
					536BDDBF2C189B240043B1DA = {
						CreatedOnToolsVersion = 15.3;
						TestTargetID = 536BDDA92C189B230043B1DA;
					};
					536BDDC92C189B240043B1DA = {
						CreatedOnToolsVersion = 15.3;
						TestTargetID = 536BDDA92C189B230043B1DA;
					};
				};
			};
			buildConfigurationList = 536BDDA52C189B230043B1DA /* Build configuration list for PBXProject "CatchMate" */;
			compatibilityVersion = "Xcode 14.0";
			developmentRegion = en;
			hasScannedForEncodings = 0;
			knownRegions = (
				en,
				Base,
			);
			mainGroup = 536BDDA12C189B230043B1DA;
			productRefGroup = 536BDDAB2C189B230043B1DA /* Products */;
			projectDirPath = "";
			projectRoot = "";
			targets = (
				536BDDA92C189B230043B1DA /* CatchMate */,
				536BDDBF2C189B240043B1DA /* CatchMateTests */,
				536BDDC92C189B240043B1DA /* CatchMateUITests */,
			);
		};
/* End PBXProject section */

/* Begin PBXResourcesBuildPhase section */
		536BDDA82C189B230043B1DA /* Resources */ = {
			isa = PBXResourcesBuildPhase;
			buildActionMask = 2147483647;
			files = (
				536BDDB72C189B240043B1DA /* Assets.xcassets in Resources */,
				536BDDBA2C189B240043B1DA /* Base in Resources */,
				536BDDB52C189B230043B1DA /* Base in Resources */,
			);
			runOnlyForDeploymentPostprocessing = 0;
		};
		536BDDBE2C189B240043B1DA /* Resources */ = {
			isa = PBXResourcesBuildPhase;
			buildActionMask = 2147483647;
			files = (
			);
			runOnlyForDeploymentPostprocessing = 0;
		};
		536BDDC82C189B240043B1DA /* Resources */ = {
			isa = PBXResourcesBuildPhase;
			buildActionMask = 2147483647;
			files = (
			);
			runOnlyForDeploymentPostprocessing = 0;
		};
/* End PBXResourcesBuildPhase section */

/* Begin PBXSourcesBuildPhase section */
		536BDDA62C189B230043B1DA /* Sources */ = {
			isa = PBXSourcesBuildPhase;
			buildActionMask = 2147483647;
			files = (
				536BDDB22C189B230043B1DA /* ViewController.swift in Sources */,
				536BDDAE2C189B230043B1DA /* AppDelegate.swift in Sources */,
				536BDDB02C189B230043B1DA /* SceneDelegate.swift in Sources */,
			);
			runOnlyForDeploymentPostprocessing = 0;
		};
		536BDDBC2C189B240043B1DA /* Sources */ = {
			isa = PBXSourcesBuildPhase;
			buildActionMask = 2147483647;
			files = (
				536BDDC52C189B240043B1DA /* CatchMateTests.swift in Sources */,
			);
			runOnlyForDeploymentPostprocessing = 0;
		};
		536BDDC62C189B240043B1DA /* Sources */ = {
			isa = PBXSourcesBuildPhase;
			buildActionMask = 2147483647;
			files = (
				536BDDCF2C189B240043B1DA /* CatchMateUITests.swift in Sources */,
				536BDDD12C189B240043B1DA /* CatchMateUITestsLaunchTests.swift in Sources */,
			);
			runOnlyForDeploymentPostprocessing = 0;
		};
/* End PBXSourcesBuildPhase section */

/* Begin PBXTargetDependency section */
		536BDDC22C189B240043B1DA /* PBXTargetDependency */ = {
			isa = PBXTargetDependency;
			target = 536BDDA92C189B230043B1DA /* CatchMate */;
			targetProxy = 536BDDC12C189B240043B1DA /* PBXContainerItemProxy */;
		};
		536BDDCC2C189B240043B1DA /* PBXTargetDependency */ = {
			isa = PBXTargetDependency;
			target = 536BDDA92C189B230043B1DA /* CatchMate */;
			targetProxy = 536BDDCB2C189B240043B1DA /* PBXContainerItemProxy */;
		};
/* End PBXTargetDependency section */

/* Begin PBXVariantGroup section */
		536BDDB32C189B230043B1DA /* Main.storyboard */ = {
			isa = PBXVariantGroup;
			children = (
				536BDDB42C189B230043B1DA /* Base */,
			);
			name = Main.storyboard;
			sourceTree = "<group>";
		};
		536BDDB82C189B240043B1DA /* LaunchScreen.storyboard */ = {
			isa = PBXVariantGroup;
			children = (
				536BDDB92C189B240043B1DA /* Base */,
			);
			name = LaunchScreen.storyboard;
			sourceTree = "<group>";
		};
/* End PBXVariantGroup section */

/* Begin XCBuildConfiguration section */
		536BDDD22C189B240043B1DA /* Debug */ = {
			isa = XCBuildConfiguration;
			buildSettings = {
				ALWAYS_SEARCH_USER_PATHS = NO;
				ASSETCATALOG_COMPILER_GENERATE_SWIFT_ASSET_SYMBOL_EXTENSIONS = YES;
				CLANG_ANALYZER_NONNULL = YES;
				CLANG_ANALYZER_NUMBER_OBJECT_CONVERSION = YES_AGGRESSIVE;
				CLANG_CXX_LANGUAGE_STANDARD = "gnu++20";
				CLANG_ENABLE_MODULES = YES;
				CLANG_ENABLE_OBJC_ARC = YES;
				CLANG_ENABLE_OBJC_WEAK = YES;
				CLANG_WARN_BLOCK_CAPTURE_AUTORELEASING = YES;
				CLANG_WARN_BOOL_CONVERSION = YES;
				CLANG_WARN_COMMA = YES;
				CLANG_WARN_CONSTANT_CONVERSION = YES;
				CLANG_WARN_DEPRECATED_OBJC_IMPLEMENTATIONS = YES;
				CLANG_WARN_DIRECT_OBJC_ISA_USAGE = YES_ERROR;
				CLANG_WARN_DOCUMENTATION_COMMENTS = YES;
				CLANG_WARN_EMPTY_BODY = YES;
				CLANG_WARN_ENUM_CONVERSION = YES;
				CLANG_WARN_INFINITE_RECURSION = YES;
				CLANG_WARN_INT_CONVERSION = YES;
				CLANG_WARN_NON_LITERAL_NULL_CONVERSION = YES;
				CLANG_WARN_OBJC_IMPLICIT_RETAIN_SELF = YES;
				CLANG_WARN_OBJC_LITERAL_CONVERSION = YES;
				CLANG_WARN_OBJC_ROOT_CLASS = YES_ERROR;
				CLANG_WARN_QUOTED_INCLUDE_IN_FRAMEWORK_HEADER = YES;
				CLANG_WARN_RANGE_LOOP_ANALYSIS = YES;
				CLANG_WARN_STRICT_PROTOTYPES = YES;
				CLANG_WARN_SUSPICIOUS_MOVE = YES;
				CLANG_WARN_UNGUARDED_AVAILABILITY = YES_AGGRESSIVE;
				CLANG_WARN_UNREACHABLE_CODE = YES;
				CLANG_WARN__DUPLICATE_METHOD_MATCH = YES;
				COPY_PHASE_STRIP = NO;
				DEBUG_INFORMATION_FORMAT = dwarf;
				ENABLE_STRICT_OBJC_MSGSEND = YES;
				ENABLE_TESTABILITY = YES;
				ENABLE_USER_SCRIPT_SANDBOXING = YES;
				GCC_C_LANGUAGE_STANDARD = gnu17;
				GCC_DYNAMIC_NO_PIC = NO;
				GCC_NO_COMMON_BLOCKS = YES;
				GCC_OPTIMIZATION_LEVEL = 0;
				GCC_PREPROCESSOR_DEFINITIONS = (
					"DEBUG=1",
					"$(inherited)",
				);
				GCC_WARN_64_TO_32_BIT_CONVERSION = YES;
				GCC_WARN_ABOUT_RETURN_TYPE = YES_ERROR;
				GCC_WARN_UNDECLARED_SELECTOR = YES;
				GCC_WARN_UNINITIALIZED_AUTOS = YES_AGGRESSIVE;
				GCC_WARN_UNUSED_FUNCTION = YES;
				GCC_WARN_UNUSED_VARIABLE = YES;
				IPHONEOS_DEPLOYMENT_TARGET = 17.4;
				LOCALIZATION_PREFERS_STRING_CATALOGS = YES;
				MTL_ENABLE_DEBUG_INFO = INCLUDE_SOURCE;
				MTL_FAST_MATH = YES;
				ONLY_ACTIVE_ARCH = YES;
				SDKROOT = iphoneos;
				SWIFT_ACTIVE_COMPILATION_CONDITIONS = "DEBUG $(inherited)";
				SWIFT_OPTIMIZATION_LEVEL = "-Onone";
			};
			name = Debug;
		};
		536BDDD32C189B240043B1DA /* Release */ = {
			isa = XCBuildConfiguration;
			buildSettings = {
				ALWAYS_SEARCH_USER_PATHS = NO;
				ASSETCATALOG_COMPILER_GENERATE_SWIFT_ASSET_SYMBOL_EXTENSIONS = YES;
				CLANG_ANALYZER_NONNULL = YES;
				CLANG_ANALYZER_NUMBER_OBJECT_CONVERSION = YES_AGGRESSIVE;
				CLANG_CXX_LANGUAGE_STANDARD = "gnu++20";
				CLANG_ENABLE_MODULES = YES;
				CLANG_ENABLE_OBJC_ARC = YES;
				CLANG_ENABLE_OBJC_WEAK = YES;
				CLANG_WARN_BLOCK_CAPTURE_AUTORELEASING = YES;
				CLANG_WARN_BOOL_CONVERSION = YES;
				CLANG_WARN_COMMA = YES;
				CLANG_WARN_CONSTANT_CONVERSION = YES;
				CLANG_WARN_DEPRECATED_OBJC_IMPLEMENTATIONS = YES;
				CLANG_WARN_DIRECT_OBJC_ISA_USAGE = YES_ERROR;
				CLANG_WARN_DOCUMENTATION_COMMENTS = YES;
				CLANG_WARN_EMPTY_BODY = YES;
				CLANG_WARN_ENUM_CONVERSION = YES;
				CLANG_WARN_INFINITE_RECURSION = YES;
				CLANG_WARN_INT_CONVERSION = YES;
				CLANG_WARN_NON_LITERAL_NULL_CONVERSION = YES;
				CLANG_WARN_OBJC_IMPLICIT_RETAIN_SELF = YES;
				CLANG_WARN_OBJC_LITERAL_CONVERSION = YES;
				CLANG_WARN_OBJC_ROOT_CLASS = YES_ERROR;
				CLANG_WARN_QUOTED_INCLUDE_IN_FRAMEWORK_HEADER = YES;
				CLANG_WARN_RANGE_LOOP_ANALYSIS = YES;
				CLANG_WARN_STRICT_PROTOTYPES = YES;
				CLANG_WARN_SUSPICIOUS_MOVE = YES;
				CLANG_WARN_UNGUARDED_AVAILABILITY = YES_AGGRESSIVE;
				CLANG_WARN_UNREACHABLE_CODE = YES;
				CLANG_WARN__DUPLICATE_METHOD_MATCH = YES;
				COPY_PHASE_STRIP = NO;
				DEBUG_INFORMATION_FORMAT = "dwarf-with-dsym";
				ENABLE_NS_ASSERTIONS = NO;
				ENABLE_STRICT_OBJC_MSGSEND = YES;
				ENABLE_USER_SCRIPT_SANDBOXING = YES;
				GCC_C_LANGUAGE_STANDARD = gnu17;
				GCC_NO_COMMON_BLOCKS = YES;
				GCC_WARN_64_TO_32_BIT_CONVERSION = YES;
				GCC_WARN_ABOUT_RETURN_TYPE = YES_ERROR;
				GCC_WARN_UNDECLARED_SELECTOR = YES;
				GCC_WARN_UNINITIALIZED_AUTOS = YES_AGGRESSIVE;
				GCC_WARN_UNUSED_FUNCTION = YES;
				GCC_WARN_UNUSED_VARIABLE = YES;
				IPHONEOS_DEPLOYMENT_TARGET = 17.4;
				LOCALIZATION_PREFERS_STRING_CATALOGS = YES;
				MTL_ENABLE_DEBUG_INFO = NO;
				MTL_FAST_MATH = YES;
				SDKROOT = iphoneos;
				SWIFT_COMPILATION_MODE = wholemodule;
				VALIDATE_PRODUCT = YES;
			};
			name = Release;
		};
		536BDDD52C189B240043B1DA /* Debug */ = {
			isa = XCBuildConfiguration;
			buildSettings = {
				ASSETCATALOG_COMPILER_APPICON_NAME = AppIcon;
				ASSETCATALOG_COMPILER_GLOBAL_ACCENT_COLOR_NAME = AccentColor;
				CODE_SIGN_STYLE = Automatic;
				CURRENT_PROJECT_VERSION = 1;
				DEVELOPMENT_TEAM = 977J65FA28;
				GENERATE_INFOPLIST_FILE = YES;
				INFOPLIST_FILE = CatchMate/Info.plist;
				INFOPLIST_KEY_UIApplicationSupportsIndirectInputEvents = YES;
				INFOPLIST_KEY_UILaunchStoryboardName = LaunchScreen;
				INFOPLIST_KEY_UIMainStoryboardFile = Main;
				INFOPLIST_KEY_UISupportedInterfaceOrientations_iPad = "UIInterfaceOrientationPortrait UIInterfaceOrientationPortraitUpsideDown UIInterfaceOrientationLandscapeLeft UIInterfaceOrientationLandscapeRight";
				INFOPLIST_KEY_UISupportedInterfaceOrientations_iPhone = "UIInterfaceOrientationPortrait UIInterfaceOrientationLandscapeLeft UIInterfaceOrientationLandscapeRight";
				IPHONEOS_DEPLOYMENT_TARGET = 16.0;
				LD_RUNPATH_SEARCH_PATHS = (
					"$(inherited)",
					"@executable_path/Frameworks",
				);
				MARKETING_VERSION = 1.0;
				PRODUCT_BUNDLE_IDENTIFIER = com.tori.CatchMate;
				PRODUCT_NAME = "$(TARGET_NAME)";
				SUPPORTED_PLATFORMS = "iphoneos iphonesimulator";
				SUPPORTS_MACCATALYST = NO;
				SUPPORTS_MAC_DESIGNED_FOR_IPHONE_IPAD = NO;
				SUPPORTS_XR_DESIGNED_FOR_IPHONE_IPAD = NO;
				SWIFT_EMIT_LOC_STRINGS = YES;
				SWIFT_VERSION = 5.0;
				TARGETED_DEVICE_FAMILY = 1;
			};
			name = Debug;
		};
		536BDDD62C189B240043B1DA /* Release */ = {
			isa = XCBuildConfiguration;
			buildSettings = {
				ASSETCATALOG_COMPILER_APPICON_NAME = AppIcon;
				ASSETCATALOG_COMPILER_GLOBAL_ACCENT_COLOR_NAME = AccentColor;
				CODE_SIGN_STYLE = Automatic;
				CURRENT_PROJECT_VERSION = 1;
				DEVELOPMENT_TEAM = 977J65FA28;
				GENERATE_INFOPLIST_FILE = YES;
				INFOPLIST_FILE = CatchMate/Info.plist;
				INFOPLIST_KEY_UIApplicationSupportsIndirectInputEvents = YES;
				INFOPLIST_KEY_UILaunchStoryboardName = LaunchScreen;
				INFOPLIST_KEY_UIMainStoryboardFile = Main;
				INFOPLIST_KEY_UISupportedInterfaceOrientations_iPad = "UIInterfaceOrientationPortrait UIInterfaceOrientationPortraitUpsideDown UIInterfaceOrientationLandscapeLeft UIInterfaceOrientationLandscapeRight";
				INFOPLIST_KEY_UISupportedInterfaceOrientations_iPhone = "UIInterfaceOrientationPortrait UIInterfaceOrientationLandscapeLeft UIInterfaceOrientationLandscapeRight";
				IPHONEOS_DEPLOYMENT_TARGET = 16.0;
				LD_RUNPATH_SEARCH_PATHS = (
					"$(inherited)",
					"@executable_path/Frameworks",
				);
				MARKETING_VERSION = 1.0;
				PRODUCT_BUNDLE_IDENTIFIER = com.tori.CatchMate;
				PRODUCT_NAME = "$(TARGET_NAME)";
				SUPPORTED_PLATFORMS = "iphoneos iphonesimulator";
				SUPPORTS_MACCATALYST = NO;
				SUPPORTS_MAC_DESIGNED_FOR_IPHONE_IPAD = NO;
				SUPPORTS_XR_DESIGNED_FOR_IPHONE_IPAD = NO;
				SWIFT_EMIT_LOC_STRINGS = YES;
				SWIFT_VERSION = 5.0;
				TARGETED_DEVICE_FAMILY = 1;
			};
			name = Release;
		};
		536BDDD82C189B240043B1DA /* Debug */ = {
			isa = XCBuildConfiguration;
			buildSettings = {
				ALWAYS_EMBED_SWIFT_STANDARD_LIBRARIES = YES;
				BUNDLE_LOADER = "$(TEST_HOST)";
				CODE_SIGN_STYLE = Automatic;
				CURRENT_PROJECT_VERSION = 1;
				DEVELOPMENT_TEAM = 977J65FA28;
				GENERATE_INFOPLIST_FILE = YES;
				IPHONEOS_DEPLOYMENT_TARGET = 17.4;
				MARKETING_VERSION = 1.0;
				PRODUCT_BUNDLE_IDENTIFIER = com.tori.CatchMateTests;
				PRODUCT_NAME = "$(TARGET_NAME)";
				SWIFT_EMIT_LOC_STRINGS = NO;
				SWIFT_VERSION = 5.0;
				TARGETED_DEVICE_FAMILY = "1,2";
				TEST_HOST = "$(BUILT_PRODUCTS_DIR)/CatchMate.app/$(BUNDLE_EXECUTABLE_FOLDER_PATH)/CatchMate";
			};
			name = Debug;
		};
		536BDDD92C189B240043B1DA /* Release */ = {
			isa = XCBuildConfiguration;
			buildSettings = {
				ALWAYS_EMBED_SWIFT_STANDARD_LIBRARIES = YES;
				BUNDLE_LOADER = "$(TEST_HOST)";
				CODE_SIGN_STYLE = Automatic;
				CURRENT_PROJECT_VERSION = 1;
				DEVELOPMENT_TEAM = 977J65FA28;
				GENERATE_INFOPLIST_FILE = YES;
				IPHONEOS_DEPLOYMENT_TARGET = 17.4;
				MARKETING_VERSION = 1.0;
				PRODUCT_BUNDLE_IDENTIFIER = com.tori.CatchMateTests;
				PRODUCT_NAME = "$(TARGET_NAME)";
				SWIFT_EMIT_LOC_STRINGS = NO;
				SWIFT_VERSION = 5.0;
				TARGETED_DEVICE_FAMILY = "1,2";
				TEST_HOST = "$(BUILT_PRODUCTS_DIR)/CatchMate.app/$(BUNDLE_EXECUTABLE_FOLDER_PATH)/CatchMate";
			};
			name = Release;
		};
		536BDDDB2C189B240043B1DA /* Debug */ = {
			isa = XCBuildConfiguration;
			buildSettings = {
				ALWAYS_EMBED_SWIFT_STANDARD_LIBRARIES = YES;
				CODE_SIGN_STYLE = Automatic;
				CURRENT_PROJECT_VERSION = 1;
				DEVELOPMENT_TEAM = 977J65FA28;
				GENERATE_INFOPLIST_FILE = YES;
				MARKETING_VERSION = 1.0;
				PRODUCT_BUNDLE_IDENTIFIER = com.tori.CatchMateUITests;
				PRODUCT_NAME = "$(TARGET_NAME)";
				SWIFT_EMIT_LOC_STRINGS = NO;
				SWIFT_VERSION = 5.0;
				TARGETED_DEVICE_FAMILY = "1,2";
				TEST_TARGET_NAME = CatchMate;
			};
			name = Debug;
		};
		536BDDDC2C189B240043B1DA /* Release */ = {
			isa = XCBuildConfiguration;
			buildSettings = {
				ALWAYS_EMBED_SWIFT_STANDARD_LIBRARIES = YES;
				CODE_SIGN_STYLE = Automatic;
				CURRENT_PROJECT_VERSION = 1;
				DEVELOPMENT_TEAM = 977J65FA28;
				GENERATE_INFOPLIST_FILE = YES;
				MARKETING_VERSION = 1.0;
				PRODUCT_BUNDLE_IDENTIFIER = com.tori.CatchMateUITests;
				PRODUCT_NAME = "$(TARGET_NAME)";
				SWIFT_EMIT_LOC_STRINGS = NO;
				SWIFT_VERSION = 5.0;
				TARGETED_DEVICE_FAMILY = "1,2";
				TEST_TARGET_NAME = CatchMate;
			};
			name = Release;
		};
/* End XCBuildConfiguration section */

/* Begin XCConfigurationList section */
		536BDDA52C189B230043B1DA /* Build configuration list for PBXProject "CatchMate" */ = {
			isa = XCConfigurationList;
			buildConfigurations = (
				536BDDD22C189B240043B1DA /* Debug */,
				536BDDD32C189B240043B1DA /* Release */,
			);
			defaultConfigurationIsVisible = 0;
			defaultConfigurationName = Release;
		};
		536BDDD42C189B240043B1DA /* Build configuration list for PBXNativeTarget "CatchMate" */ = {
			isa = XCConfigurationList;
			buildConfigurations = (
				536BDDD52C189B240043B1DA /* Debug */,
				536BDDD62C189B240043B1DA /* Release */,
			);
			defaultConfigurationIsVisible = 0;
			defaultConfigurationName = Release;
		};
		536BDDD72C189B240043B1DA /* Build configuration list for PBXNativeTarget "CatchMateTests" */ = {
			isa = XCConfigurationList;
			buildConfigurations = (
				536BDDD82C189B240043B1DA /* Debug */,
				536BDDD92C189B240043B1DA /* Release */,
			);
			defaultConfigurationIsVisible = 0;
			defaultConfigurationName = Release;
		};
		536BDDDA2C189B240043B1DA /* Build configuration list for PBXNativeTarget "CatchMateUITests" */ = {
			isa = XCConfigurationList;
			buildConfigurations = (
				536BDDDB2C189B240043B1DA /* Debug */,
				536BDDDC2C189B240043B1DA /* Release */,
			);
			defaultConfigurationIsVisible = 0;
			defaultConfigurationName = Release;
		};
/* End XCConfigurationList section */
	};
	rootObject = 536BDDA22C189B230043B1DA /* Project object */;
}
