// !$*UTF8*$!
{
	archiveVersion = 1;
	classes = {
	};
	objectVersion = 56;
	objects = {

/* Begin PBXBuildFile section */
		531786532C1C8BFB00ACEF6A /* BaseViewController.swift in Sources */ = {isa = PBXBuildFile; fileRef = 531786522C1C8BFB00ACEF6A /* BaseViewController.swift */; };
		531786552C1C8E7800ACEF6A /* UIImage+Extension.swift in Sources */ = {isa = PBXBuildFile; fileRef = 531786542C1C8E7800ACEF6A /* UIImage+Extension.swift */; };
		531786572C1C8F1900ACEF6A /* UIView+Extension.swift in Sources */ = {isa = PBXBuildFile; fileRef = 531786562C1C8F1900ACEF6A /* UIView+Extension.swift */; };
		531786592C1C934A00ACEF6A /* UIViewController+Extension.swift in Sources */ = {isa = PBXBuildFile; fileRef = 531786582C1C934A00ACEF6A /* UIViewController+Extension.swift */; };
		5317865B2C1C956400ACEF6A /* DateFilterViewController.swift in Sources */ = {isa = PBXBuildFile; fileRef = 5317865A2C1C956400ACEF6A /* DateFilterViewController.swift */; };
		5317865D2C1EAC4700ACEF6A /* Screen.swift in Sources */ = {isa = PBXBuildFile; fileRef = 5317865C2C1EAC4700ACEF6A /* Screen.swift */; };
		531786602C1EB24D00ACEF6A /* TeamFilterViewController.swift in Sources */ = {isa = PBXBuildFile; fileRef = 5317865F2C1EB24D00ACEF6A /* TeamFilterViewController.swift */; };
		531786622C1EE6C500ACEF6A /* TeamFilterTableViewCell.swift in Sources */ = {isa = PBXBuildFile; fileRef = 531786612C1EE6C500ACEF6A /* TeamFilterTableViewCell.swift */; };
		531786642C1EF30F00ACEF6A /* Team.swift in Sources */ = {isa = PBXBuildFile; fileRef = 531786632C1EF30F00ACEF6A /* Team.swift */; };
		531786662C1F014E00ACEF6A /* CMTextField.swift in Sources */ = {isa = PBXBuildFile; fileRef = 531786652C1F014E00ACEF6A /* CMTextField.swift */; };
		531786682C20048B00ACEF6A /* CMPickerTextField.swift in Sources */ = {isa = PBXBuildFile; fileRef = 531786672C20048B00ACEF6A /* CMPickerTextField.swift */; };
		5317866B2C200D6000ACEF6A /* BasePickerViewController.swift in Sources */ = {isa = PBXBuildFile; fileRef = 5317866A2C200D6000ACEF6A /* BasePickerViewController.swift */; };
		5317866D2C200EDB00ACEF6A /* AllFilterViewController.swift in Sources */ = {isa = PBXBuildFile; fileRef = 5317866C2C200EDB00ACEF6A /* AllFilterViewController.swift */; };
		531786712C202EF500ACEF6A /* DIContainerService.swift in Sources */ = {isa = PBXBuildFile; fileRef = 531786702C202EF500ACEF6A /* DIContainerService.swift */; };
		531786742C202F1B00ACEF6A /* NetworkService.swift in Sources */ = {isa = PBXBuildFile; fileRef = 531786732C202F1B00ACEF6A /* NetworkService.swift */; };
		531786762C20494500ACEF6A /* HomeRepository.swift in Sources */ = {isa = PBXBuildFile; fileRef = 531786752C20494500ACEF6A /* HomeRepository.swift */; };
		531786782C20498800ACEF6A /* Post.swift in Sources */ = {isa = PBXBuildFile; fileRef = 531786772C20498800ACEF6A /* Post.swift */; };
		5317867B2C2077EC00ACEF6A /* NotiViewTableViewCell.swift in Sources */ = {isa = PBXBuildFile; fileRef = 5317867A2C2077EC00ACEF6A /* NotiViewTableViewCell.swift */; };
		5317867D2C216CBE00ACEF6A /* NumberPickerViewController.swift in Sources */ = {isa = PBXBuildFile; fileRef = 5317867C2C216CBE00ACEF6A /* NumberPickerViewController.swift */; };
		5317867F2C217CB900ACEF6A /* TeamFilterCollectionViewCell.swift in Sources */ = {isa = PBXBuildFile; fileRef = 5317867E2C217CB900ACEF6A /* TeamFilterCollectionViewCell.swift */; };
		531786822C21D3F700ACEF6A /* ChatListTableViewCell.swift in Sources */ = {isa = PBXBuildFile; fileRef = 531786812C21D3F700ACEF6A /* ChatListTableViewCell.swift */; };
		531786852C23261200ACEF6A /* SheetHeight.swift in Sources */ = {isa = PBXBuildFile; fileRef = 531786842C23261200ACEF6A /* SheetHeight.swift */; };
		53241F3C2C3C517600F468E1 /* GridSystem.swift in Sources */ = {isa = PBXBuildFile; fileRef = 53241F3B2C3C517600F468E1 /* GridSystem.swift */; };
		53241F3E2C3C589100F468E1 /* DesignAssets.xcassets in Resources */ = {isa = PBXBuildFile; fileRef = 53241F3D2C3C589100F468E1 /* DesignAssets.xcassets */; };
		53241F482C3D879200F468E1 /* APIKEY.xcconfig in Resources */ = {isa = PBXBuildFile; fileRef = 53241F452C3D879100F468E1 /* APIKEY.xcconfig */; };
		53241F492C3D879200F468E1 /* APIKeys.plist in Resources */ = {isa = PBXBuildFile; fileRef = 53241F462C3D879200F468E1 /* APIKeys.plist */; };
		53241F4E2C3EE58E00F468E1 /* CMPopupViewController.swift in Sources */ = {isa = PBXBuildFile; fileRef = 53241F4D2C3EE58E00F468E1 /* CMPopupViewController.swift */; };
		533A2B232C27FF6A00A59340 /* CMTextView.swift in Sources */ = {isa = PBXBuildFile; fileRef = 533A2B222C27FF6A00A59340 /* CMTextView.swift */; };
		533A2B252C280E0500A59340 /* CMDefaultFilledButton.swift in Sources */ = {isa = PBXBuildFile; fileRef = 533A2B242C280E0500A59340 /* CMDefaultFilledButton.swift */; };
		533A2B272C28558600A59340 /* SignInViewController.swift in Sources */ = {isa = PBXBuildFile; fileRef = 533A2B262C28558600A59340 /* SignInViewController.swift */; };
		533A2B2A2C2859D600A59340 /* CMImageButton.swift in Sources */ = {isa = PBXBuildFile; fileRef = 533A2B292C2859D600A59340 /* CMImageButton.swift */; };
		533A2B2C2C29485E00A59340 /* SignUpViewController.swift in Sources */ = {isa = PBXBuildFile; fileRef = 533A2B2B2C29485E00A59340 /* SignUpViewController.swift */; };
		533A2B2E2C29B56200A59340 /* CMDefaultBorderedButton.swift in Sources */ = {isa = PBXBuildFile; fileRef = 533A2B2D2C29B56100A59340 /* CMDefaultBorderedButton.swift */; };
		533A2B302C2AC5C400A59340 /* InputFavoriteTeamViewContoller.swift in Sources */ = {isa = PBXBuildFile; fileRef = 533A2B2F2C2AC5C400A59340 /* InputFavoriteTeamViewContoller.swift */; };
		533A2B322C2BE7E600A59340 /* CheerStyles.swift in Sources */ = {isa = PBXBuildFile; fileRef = 533A2B312C2BE7E600A59340 /* CheerStyles.swift */; };
		533A2B342C2BE98D00A59340 /* SignSelectedButton.swift in Sources */ = {isa = PBXBuildFile; fileRef = 533A2B332C2BE98D00A59340 /* SignSelectedButton.swift */; };
		533A2B362C2BEA3900A59340 /* InputCheerStyleViewController.swift in Sources */ = {isa = PBXBuildFile; fileRef = 533A2B352C2BEA3900A59340 /* InputCheerStyleViewController.swift */; };
		533A2B382C2BFD4B00A59340 /* SignUpFinishedViewController.swift in Sources */ = {isa = PBXBuildFile; fileRef = 533A2B372C2BFD4B00A59340 /* SignUpFinishedViewController.swift */; };
		533A2B3B2C2C590400A59340 /* RxKakaoSDK in Frameworks */ = {isa = PBXBuildFile; productRef = 533A2B3A2C2C590400A59340 /* RxKakaoSDK */; };
		533A2B3D2C2C5CE700A59340 /* SignDataSource.swift in Sources */ = {isa = PBXBuildFile; fileRef = 533A2B3C2C2C5CE700A59340 /* SignDataSource.swift */; };
		533A2B3F2C2C5DBC00A59340 /* SNSLoginResponse.swift in Sources */ = {isa = PBXBuildFile; fileRef = 533A2B3E2C2C5DBC00A59340 /* SNSLoginResponse.swift */; };
		533A2B422C2C624D00A59340 /* SignRepository.swift in Sources */ = {isa = PBXBuildFile; fileRef = 533A2B412C2C624D00A59340 /* SignRepository.swift */; };
		533A2B442C2C62C700A59340 /* SignRepositoryImpl.swift in Sources */ = {isa = PBXBuildFile; fileRef = 533A2B432C2C62C700A59340 /* SignRepositoryImpl.swift */; };
		533A2B462C2C638100A59340 /* KakaoLoginUseCase.swift in Sources */ = {isa = PBXBuildFile; fileRef = 533A2B452C2C638100A59340 /* KakaoLoginUseCase.swift */; };
		536548A32C3EF3B700C2309A /* FavoriteListViewController.swift in Sources */ = {isa = PBXBuildFile; fileRef = 536548A22C3EF3B700C2309A /* FavoriteListViewController.swift */; };
		536BDDAE2C189B230043B1DA /* AppDelegate.swift in Sources */ = {isa = PBXBuildFile; fileRef = 536BDDAD2C189B230043B1DA /* AppDelegate.swift */; };
		536BDDB02C189B230043B1DA /* SceneDelegate.swift in Sources */ = {isa = PBXBuildFile; fileRef = 536BDDAF2C189B230043B1DA /* SceneDelegate.swift */; };
		536BDDB22C189B230043B1DA /* HomeViewController.swift in Sources */ = {isa = PBXBuildFile; fileRef = 536BDDB12C189B230043B1DA /* HomeViewController.swift */; };
		536BDDB72C189B240043B1DA /* Assets.xcassets in Resources */ = {isa = PBXBuildFile; fileRef = 536BDDB62C189B240043B1DA /* Assets.xcassets */; };
		536BDDBA2C189B240043B1DA /* Base in Resources */ = {isa = PBXBuildFile; fileRef = 536BDDB92C189B240043B1DA /* Base */; };
		536BDDC52C189B240043B1DA /* CatchMateTests.swift in Sources */ = {isa = PBXBuildFile; fileRef = 536BDDC42C189B240043B1DA /* CatchMateTests.swift */; };
		536BDDCF2C189B240043B1DA /* CatchMateUITests.swift in Sources */ = {isa = PBXBuildFile; fileRef = 536BDDCE2C189B240043B1DA /* CatchMateUITests.swift */; };
		536BDDD12C189B240043B1DA /* CatchMateUITestsLaunchTests.swift in Sources */ = {isa = PBXBuildFile; fileRef = 536BDDD02C189B240043B1DA /* CatchMateUITestsLaunchTests.swift */; };
		536BDDE22C196F510043B1DA /* Bundle+Extension.swift in Sources */ = {isa = PBXBuildFile; fileRef = 536BDDE12C196F510043B1DA /* Bundle+Extension.swift */; };
		536BDDE92C1971C70043B1DA /* SignReactor.swift in Sources */ = {isa = PBXBuildFile; fileRef = 536BDDE82C1971C70043B1DA /* SignReactor.swift */; };
		536BDDEC2C19720E0043B1DA /* User.swift in Sources */ = {isa = PBXBuildFile; fileRef = 536BDDEB2C19720E0043B1DA /* User.swift */; };
		536BDDF62C1972740043B1DA /* UserDTO.swift in Sources */ = {isa = PBXBuildFile; fileRef = 536BDDF52C1972740043B1DA /* UserDTO.swift */; };
		536BDDF92C1972880043B1DA /* UserMapper.swift in Sources */ = {isa = PBXBuildFile; fileRef = 536BDDF82C1972880043B1DA /* UserMapper.swift */; };
		536BDDFF2C1972D30043B1DA /* UserDataSource.swift in Sources */ = {isa = PBXBuildFile; fileRef = 536BDDFE2C1972D30043B1DA /* UserDataSource.swift */; };
		536BDE122C1B51FD0043B1DA /* TabBarController.swift in Sources */ = {isa = PBXBuildFile; fileRef = 536BDE112C1B51FD0043B1DA /* TabBarController.swift */; };
		536BDE152C1B52510043B1DA /* PinLayout in Frameworks */ = {isa = PBXBuildFile; productRef = 536BDE142C1B52510043B1DA /* PinLayout */; };
		536BDE172C1B52510043B1DA /* FlexLayout in Frameworks */ = {isa = PBXBuildFile; productRef = 536BDE162C1B52510043B1DA /* FlexLayout */; };
		536BDE192C1B52510043B1DA /* SnapKit in Frameworks */ = {isa = PBXBuildFile; productRef = 536BDE182C1B52510043B1DA /* SnapKit */; };
		536BDE1B2C1B52510043B1DA /* RxCocoa in Frameworks */ = {isa = PBXBuildFile; productRef = 536BDE1A2C1B52510043B1DA /* RxCocoa */; };
		536BDE1D2C1B52510043B1DA /* RxRelay in Frameworks */ = {isa = PBXBuildFile; productRef = 536BDE1C2C1B52510043B1DA /* RxRelay */; };
		536BDE1F2C1B52510043B1DA /* RxSwift in Frameworks */ = {isa = PBXBuildFile; productRef = 536BDE1E2C1B52510043B1DA /* RxSwift */; };
		536BDE212C1B52510043B1DA /* ReactorKit in Frameworks */ = {isa = PBXBuildFile; productRef = 536BDE202C1B52510043B1DA /* ReactorKit */; };
		536BDE232C1B52510043B1DA /* RxAlamofire in Frameworks */ = {isa = PBXBuildFile; productRef = 536BDE222C1B52510043B1DA /* RxAlamofire */; };
		536BDE272C1B53150043B1DA /* UIColor+Extension.swift in Sources */ = {isa = PBXBuildFile; fileRef = 536BDE262C1B53150043B1DA /* UIColor+Extension.swift */; };
		536BDE292C1B53860043B1DA /* Color.swift in Sources */ = {isa = PBXBuildFile; fileRef = 536BDE282C1B53860043B1DA /* Color.swift */; };
		536BDE2B2C1B54C80043B1DA /* ChatListViewController.swift in Sources */ = {isa = PBXBuildFile; fileRef = 536BDE2A2C1B54C80043B1DA /* ChatListViewController.swift */; };
		536BDE2D2C1B55080043B1DA /* AddViewController.swift in Sources */ = {isa = PBXBuildFile; fileRef = 536BDE2C2C1B55080043B1DA /* AddViewController.swift */; };
		536BDE2F2C1B55240043B1DA /* NotiViewController.swift in Sources */ = {isa = PBXBuildFile; fileRef = 536BDE2E2C1B55240043B1DA /* NotiViewController.swift */; };
		536BDE312C1B55440043B1DA /* MyPageViewController.swift in Sources */ = {isa = PBXBuildFile; fileRef = 536BDE302C1B55440043B1DA /* MyPageViewController.swift */; };
		536BDE342C1B57B10043B1DA /* HomeFilterButton.swift in Sources */ = {isa = PBXBuildFile; fileRef = 536BDE332C1B57B10043B1DA /* HomeFilterButton.swift */; };
		536BDE362C1BEC870043B1DA /* ListCardViewTableViewCell.swift in Sources */ = {isa = PBXBuildFile; fileRef = 536BDE352C1BEC870043B1DA /* ListCardViewTableViewCell.swift */; };
		536BDE382C1C07990043B1DA /* PaddingLabel.swift in Sources */ = {isa = PBXBuildFile; fileRef = 536BDE372C1C07990043B1DA /* PaddingLabel.swift */; };
		536BDE3A2C1C1F210043B1DA /* HomeReactor.swift in Sources */ = {isa = PBXBuildFile; fileRef = 536BDE392C1C1F210043B1DA /* HomeReactor.swift */; };
		5382490E2C2E79A90074B583 /* AppleLoginUseCase.swift in Sources */ = {isa = PBXBuildFile; fileRef = 5382490D2C2E79A90074B583 /* AppleLoginUseCase.swift */; };
		538249102C3139C80074B583 /* LoginUserDefaultsService.swift in Sources */ = {isa = PBXBuildFile; fileRef = 5382490F2C3139C80074B583 /* LoginUserDefaultsService.swift */; };
		538249132C3196AD0074B583 /* NaverLoginUseCase.swift in Sources */ = {isa = PBXBuildFile; fileRef = 538249122C3196AD0074B583 /* NaverLoginUseCase.swift */; };
		538249152C319C020074B583 /* naveridlogin-ios-sp in Frameworks */ = {isa = PBXBuildFile; productRef = 538249142C319C020074B583 /* naveridlogin-ios-sp */; };
		5383BE852C327FF9008940F1 /* NonMembersAccessViewController.swift in Sources */ = {isa = PBXBuildFile; fileRef = 5383BE842C327FF9008940F1 /* NonMembersAccessViewController.swift */; };
		5383BE8D2C34D595008940F1 /* FontUtility.swift in Sources */ = {isa = PBXBuildFile; fileRef = 5383BE8C2C34D594008940F1 /* FontUtility.swift */; };
		5383BE8F2C34DF27008940F1 /* Font.swift in Sources */ = {isa = PBXBuildFile; fileRef = 5383BE8E2C34DF27008940F1 /* Font.swift */; };
		5383BE902C34ECD1008940F1 /* PretendardVariable.ttf in Resources */ = {isa = PBXBuildFile; fileRef = 5383BE8A2C34D543008940F1 /* PretendardVariable.ttf */; };
		53BE7ACF2C367008002FC64F /* DateHelper.swift in Sources */ = {isa = PBXBuildFile; fileRef = 53BE7ACE2C367008002FC64F /* DateHelper.swift */; };
		53BE7AD22C367181002FC64F /* Date+Extension.swift in Sources */ = {isa = PBXBuildFile; fileRef = 53BE7AD12C367181002FC64F /* Date+Extension.swift */; };
		53BE7AD42C369A35002FC64F /* OptionButtonView.swift in Sources */ = {isa = PBXBuildFile; fileRef = 53BE7AD32C369A35002FC64F /* OptionButtonView.swift */; };
/* End PBXBuildFile section */

/* Begin PBXContainerItemProxy section */
		536BDDC12C189B240043B1DA /* PBXContainerItemProxy */ = {
			isa = PBXContainerItemProxy;
			containerPortal = 536BDDA22C189B230043B1DA /* Project object */;
			proxyType = 1;
			remoteGlobalIDString = 536BDDA92C189B230043B1DA;
			remoteInfo = CatchMate;
		};
		536BDDCB2C189B240043B1DA /* PBXContainerItemProxy */ = {
			isa = PBXContainerItemProxy;
			containerPortal = 536BDDA22C189B230043B1DA /* Project object */;
			proxyType = 1;
			remoteGlobalIDString = 536BDDA92C189B230043B1DA;
			remoteInfo = CatchMate;
		};
/* End PBXContainerItemProxy section */

/* Begin PBXFileReference section */
		531786522C1C8BFB00ACEF6A /* BaseViewController.swift */ = {isa = PBXFileReference; lastKnownFileType = sourcecode.swift; path = BaseViewController.swift; sourceTree = "<group>"; };
		531786542C1C8E7800ACEF6A /* UIImage+Extension.swift */ = {isa = PBXFileReference; lastKnownFileType = sourcecode.swift; path = "UIImage+Extension.swift"; sourceTree = "<group>"; };
		531786562C1C8F1900ACEF6A /* UIView+Extension.swift */ = {isa = PBXFileReference; lastKnownFileType = sourcecode.swift; path = "UIView+Extension.swift"; sourceTree = "<group>"; };
		531786582C1C934A00ACEF6A /* UIViewController+Extension.swift */ = {isa = PBXFileReference; lastKnownFileType = sourcecode.swift; path = "UIViewController+Extension.swift"; sourceTree = "<group>"; };
		5317865A2C1C956400ACEF6A /* DateFilterViewController.swift */ = {isa = PBXFileReference; lastKnownFileType = sourcecode.swift; path = DateFilterViewController.swift; sourceTree = "<group>"; };
		5317865C2C1EAC4700ACEF6A /* Screen.swift */ = {isa = PBXFileReference; lastKnownFileType = sourcecode.swift; path = Screen.swift; sourceTree = "<group>"; };
		5317865F2C1EB24D00ACEF6A /* TeamFilterViewController.swift */ = {isa = PBXFileReference; lastKnownFileType = sourcecode.swift; path = TeamFilterViewController.swift; sourceTree = "<group>"; };
		531786612C1EE6C500ACEF6A /* TeamFilterTableViewCell.swift */ = {isa = PBXFileReference; lastKnownFileType = sourcecode.swift; path = TeamFilterTableViewCell.swift; sourceTree = "<group>"; };
		531786632C1EF30F00ACEF6A /* Team.swift */ = {isa = PBXFileReference; lastKnownFileType = sourcecode.swift; path = Team.swift; sourceTree = "<group>"; };
		531786652C1F014E00ACEF6A /* CMTextField.swift */ = {isa = PBXFileReference; lastKnownFileType = sourcecode.swift; path = CMTextField.swift; sourceTree = "<group>"; };
		531786672C20048B00ACEF6A /* CMPickerTextField.swift */ = {isa = PBXFileReference; lastKnownFileType = sourcecode.swift; path = CMPickerTextField.swift; sourceTree = "<group>"; };
		5317866A2C200D6000ACEF6A /* BasePickerViewController.swift */ = {isa = PBXFileReference; lastKnownFileType = sourcecode.swift; path = BasePickerViewController.swift; sourceTree = "<group>"; };
		5317866C2C200EDB00ACEF6A /* AllFilterViewController.swift */ = {isa = PBXFileReference; lastKnownFileType = sourcecode.swift; path = AllFilterViewController.swift; sourceTree = "<group>"; };
		531786702C202EF500ACEF6A /* DIContainerService.swift */ = {isa = PBXFileReference; lastKnownFileType = sourcecode.swift; path = DIContainerService.swift; sourceTree = "<group>"; };
		531786732C202F1B00ACEF6A /* NetworkService.swift */ = {isa = PBXFileReference; lastKnownFileType = sourcecode.swift; path = NetworkService.swift; sourceTree = "<group>"; };
		531786752C20494500ACEF6A /* HomeRepository.swift */ = {isa = PBXFileReference; lastKnownFileType = sourcecode.swift; path = HomeRepository.swift; sourceTree = "<group>"; };
		531786772C20498800ACEF6A /* Post.swift */ = {isa = PBXFileReference; lastKnownFileType = sourcecode.swift; path = Post.swift; sourceTree = "<group>"; };
		5317867A2C2077EC00ACEF6A /* NotiViewTableViewCell.swift */ = {isa = PBXFileReference; lastKnownFileType = sourcecode.swift; path = NotiViewTableViewCell.swift; sourceTree = "<group>"; };
		5317867C2C216CBE00ACEF6A /* NumberPickerViewController.swift */ = {isa = PBXFileReference; lastKnownFileType = sourcecode.swift; path = NumberPickerViewController.swift; sourceTree = "<group>"; };
		5317867E2C217CB900ACEF6A /* TeamFilterCollectionViewCell.swift */ = {isa = PBXFileReference; lastKnownFileType = sourcecode.swift; path = TeamFilterCollectionViewCell.swift; sourceTree = "<group>"; };
		531786812C21D3F700ACEF6A /* ChatListTableViewCell.swift */ = {isa = PBXFileReference; lastKnownFileType = sourcecode.swift; path = ChatListTableViewCell.swift; sourceTree = "<group>"; };
		531786842C23261200ACEF6A /* SheetHeight.swift */ = {isa = PBXFileReference; lastKnownFileType = sourcecode.swift; path = SheetHeight.swift; sourceTree = "<group>"; };
		53241F3B2C3C517600F468E1 /* GridSystem.swift */ = {isa = PBXFileReference; lastKnownFileType = sourcecode.swift; path = GridSystem.swift; sourceTree = "<group>"; };
		53241F3D2C3C589100F468E1 /* DesignAssets.xcassets */ = {isa = PBXFileReference; lastKnownFileType = folder.assetcatalog; path = DesignAssets.xcassets; sourceTree = "<group>"; };
		53241F452C3D879100F468E1 /* APIKEY.xcconfig */ = {isa = PBXFileReference; fileEncoding = 4; lastKnownFileType = text.xcconfig; path = APIKEY.xcconfig; sourceTree = "<group>"; };
		53241F462C3D879200F468E1 /* APIKeys.plist */ = {isa = PBXFileReference; fileEncoding = 4; lastKnownFileType = text.plist.xml; path = APIKeys.plist; sourceTree = "<group>"; };
		53241F472C3D879200F468E1 /* Info.plist */ = {isa = PBXFileReference; fileEncoding = 4; lastKnownFileType = text.plist.xml; path = Info.plist; sourceTree = "<group>"; };
		53241F4D2C3EE58E00F468E1 /* CMPopupViewController.swift */ = {isa = PBXFileReference; lastKnownFileType = sourcecode.swift; path = CMPopupViewController.swift; sourceTree = "<group>"; };
		533A2B222C27FF6A00A59340 /* CMTextView.swift */ = {isa = PBXFileReference; lastKnownFileType = sourcecode.swift; path = CMTextView.swift; sourceTree = "<group>"; };
		533A2B242C280E0500A59340 /* CMDefaultFilledButton.swift */ = {isa = PBXFileReference; lastKnownFileType = sourcecode.swift; path = CMDefaultFilledButton.swift; sourceTree = "<group>"; };
		533A2B262C28558600A59340 /* SignInViewController.swift */ = {isa = PBXFileReference; lastKnownFileType = sourcecode.swift; path = SignInViewController.swift; sourceTree = "<group>"; };
		533A2B292C2859D600A59340 /* CMImageButton.swift */ = {isa = PBXFileReference; lastKnownFileType = sourcecode.swift; path = CMImageButton.swift; sourceTree = "<group>"; };
		533A2B2B2C29485E00A59340 /* SignUpViewController.swift */ = {isa = PBXFileReference; lastKnownFileType = sourcecode.swift; path = SignUpViewController.swift; sourceTree = "<group>"; };
		533A2B2D2C29B56100A59340 /* CMDefaultBorderedButton.swift */ = {isa = PBXFileReference; lastKnownFileType = sourcecode.swift; path = CMDefaultBorderedButton.swift; sourceTree = "<group>"; };
		533A2B2F2C2AC5C400A59340 /* InputFavoriteTeamViewContoller.swift */ = {isa = PBXFileReference; lastKnownFileType = sourcecode.swift; path = InputFavoriteTeamViewContoller.swift; sourceTree = "<group>"; };
		533A2B312C2BE7E600A59340 /* CheerStyles.swift */ = {isa = PBXFileReference; lastKnownFileType = sourcecode.swift; path = CheerStyles.swift; sourceTree = "<group>"; };
		533A2B332C2BE98D00A59340 /* SignSelectedButton.swift */ = {isa = PBXFileReference; lastKnownFileType = sourcecode.swift; path = SignSelectedButton.swift; sourceTree = "<group>"; };
		533A2B352C2BEA3900A59340 /* InputCheerStyleViewController.swift */ = {isa = PBXFileReference; lastKnownFileType = sourcecode.swift; path = InputCheerStyleViewController.swift; sourceTree = "<group>"; };
		533A2B372C2BFD4B00A59340 /* SignUpFinishedViewController.swift */ = {isa = PBXFileReference; lastKnownFileType = sourcecode.swift; path = SignUpFinishedViewController.swift; sourceTree = "<group>"; };
		533A2B3C2C2C5CE700A59340 /* SignDataSource.swift */ = {isa = PBXFileReference; lastKnownFileType = sourcecode.swift; path = SignDataSource.swift; sourceTree = "<group>"; };
		533A2B3E2C2C5DBC00A59340 /* SNSLoginResponse.swift */ = {isa = PBXFileReference; lastKnownFileType = sourcecode.swift; path = SNSLoginResponse.swift; sourceTree = "<group>"; };
		533A2B412C2C624D00A59340 /* SignRepository.swift */ = {isa = PBXFileReference; lastKnownFileType = sourcecode.swift; path = SignRepository.swift; sourceTree = "<group>"; };
		533A2B432C2C62C700A59340 /* SignRepositoryImpl.swift */ = {isa = PBXFileReference; lastKnownFileType = sourcecode.swift; path = SignRepositoryImpl.swift; sourceTree = "<group>"; };
		533A2B452C2C638100A59340 /* KakaoLoginUseCase.swift */ = {isa = PBXFileReference; lastKnownFileType = sourcecode.swift; path = KakaoLoginUseCase.swift; sourceTree = "<group>"; };
		533A2B472C2D606600A59340 /* CatchMate.entitlements */ = {isa = PBXFileReference; lastKnownFileType = text.plist.entitlements; path = CatchMate.entitlements; sourceTree = "<group>"; };
		536548A22C3EF3B700C2309A /* FavoriteListViewController.swift */ = {isa = PBXFileReference; lastKnownFileType = sourcecode.swift; path = FavoriteListViewController.swift; sourceTree = "<group>"; };
		536BDDAA2C189B230043B1DA /* CatchMate.app */ = {isa = PBXFileReference; explicitFileType = wrapper.application; includeInIndex = 0; path = CatchMate.app; sourceTree = BUILT_PRODUCTS_DIR; };
		536BDDAD2C189B230043B1DA /* AppDelegate.swift */ = {isa = PBXFileReference; lastKnownFileType = sourcecode.swift; path = AppDelegate.swift; sourceTree = "<group>"; };
		536BDDAF2C189B230043B1DA /* SceneDelegate.swift */ = {isa = PBXFileReference; lastKnownFileType = sourcecode.swift; path = SceneDelegate.swift; sourceTree = "<group>"; };
		536BDDB12C189B230043B1DA /* HomeViewController.swift */ = {isa = PBXFileReference; lastKnownFileType = sourcecode.swift; path = HomeViewController.swift; sourceTree = "<group>"; };
		536BDDB62C189B240043B1DA /* Assets.xcassets */ = {isa = PBXFileReference; lastKnownFileType = folder.assetcatalog; path = Assets.xcassets; sourceTree = "<group>"; };
		536BDDB92C189B240043B1DA /* Base */ = {isa = PBXFileReference; lastKnownFileType = file.storyboard; name = Base; path = Base.lproj/LaunchScreen.storyboard; sourceTree = "<group>"; };
		536BDDC02C189B240043B1DA /* CatchMateTests.xctest */ = {isa = PBXFileReference; explicitFileType = wrapper.cfbundle; includeInIndex = 0; path = CatchMateTests.xctest; sourceTree = BUILT_PRODUCTS_DIR; };
		536BDDC42C189B240043B1DA /* CatchMateTests.swift */ = {isa = PBXFileReference; lastKnownFileType = sourcecode.swift; path = CatchMateTests.swift; sourceTree = "<group>"; };
		536BDDCA2C189B240043B1DA /* CatchMateUITests.xctest */ = {isa = PBXFileReference; explicitFileType = wrapper.cfbundle; includeInIndex = 0; path = CatchMateUITests.xctest; sourceTree = BUILT_PRODUCTS_DIR; };
		536BDDCE2C189B240043B1DA /* CatchMateUITests.swift */ = {isa = PBXFileReference; lastKnownFileType = sourcecode.swift; path = CatchMateUITests.swift; sourceTree = "<group>"; };
		536BDDD02C189B240043B1DA /* CatchMateUITestsLaunchTests.swift */ = {isa = PBXFileReference; lastKnownFileType = sourcecode.swift; path = CatchMateUITestsLaunchTests.swift; sourceTree = "<group>"; };
		536BDDE12C196F510043B1DA /* Bundle+Extension.swift */ = {isa = PBXFileReference; lastKnownFileType = sourcecode.swift; path = "Bundle+Extension.swift"; sourceTree = "<group>"; };
		536BDDE82C1971C70043B1DA /* SignReactor.swift */ = {isa = PBXFileReference; lastKnownFileType = sourcecode.swift; path = SignReactor.swift; sourceTree = "<group>"; };
		536BDDEB2C19720E0043B1DA /* User.swift */ = {isa = PBXFileReference; lastKnownFileType = sourcecode.swift; path = User.swift; sourceTree = "<group>"; };
		536BDDF52C1972740043B1DA /* UserDTO.swift */ = {isa = PBXFileReference; lastKnownFileType = sourcecode.swift; path = UserDTO.swift; sourceTree = "<group>"; };
		536BDDF82C1972880043B1DA /* UserMapper.swift */ = {isa = PBXFileReference; lastKnownFileType = sourcecode.swift; path = UserMapper.swift; sourceTree = "<group>"; };
		536BDDFE2C1972D30043B1DA /* UserDataSource.swift */ = {isa = PBXFileReference; lastKnownFileType = sourcecode.swift; path = UserDataSource.swift; sourceTree = "<group>"; };
		536BDE112C1B51FD0043B1DA /* TabBarController.swift */ = {isa = PBXFileReference; lastKnownFileType = sourcecode.swift; path = TabBarController.swift; sourceTree = "<group>"; };
		536BDE262C1B53150043B1DA /* UIColor+Extension.swift */ = {isa = PBXFileReference; lastKnownFileType = sourcecode.swift; path = "UIColor+Extension.swift"; sourceTree = "<group>"; };
		536BDE282C1B53860043B1DA /* Color.swift */ = {isa = PBXFileReference; lastKnownFileType = sourcecode.swift; path = Color.swift; sourceTree = "<group>"; };
		536BDE2A2C1B54C80043B1DA /* ChatListViewController.swift */ = {isa = PBXFileReference; lastKnownFileType = sourcecode.swift; path = ChatListViewController.swift; sourceTree = "<group>"; };
		536BDE2C2C1B55080043B1DA /* AddViewController.swift */ = {isa = PBXFileReference; lastKnownFileType = sourcecode.swift; path = AddViewController.swift; sourceTree = "<group>"; };
		536BDE2E2C1B55240043B1DA /* NotiViewController.swift */ = {isa = PBXFileReference; lastKnownFileType = sourcecode.swift; path = NotiViewController.swift; sourceTree = "<group>"; };
		536BDE302C1B55440043B1DA /* MyPageViewController.swift */ = {isa = PBXFileReference; lastKnownFileType = sourcecode.swift; path = MyPageViewController.swift; sourceTree = "<group>"; };
		536BDE332C1B57B10043B1DA /* HomeFilterButton.swift */ = {isa = PBXFileReference; lastKnownFileType = sourcecode.swift; path = HomeFilterButton.swift; sourceTree = "<group>"; };
		536BDE352C1BEC870043B1DA /* ListCardViewTableViewCell.swift */ = {isa = PBXFileReference; lastKnownFileType = sourcecode.swift; path = ListCardViewTableViewCell.swift; sourceTree = "<group>"; };
		536BDE372C1C07990043B1DA /* PaddingLabel.swift */ = {isa = PBXFileReference; lastKnownFileType = sourcecode.swift; path = PaddingLabel.swift; sourceTree = "<group>"; };
		536BDE392C1C1F210043B1DA /* HomeReactor.swift */ = {isa = PBXFileReference; lastKnownFileType = sourcecode.swift; path = HomeReactor.swift; sourceTree = "<group>"; };
		5382490D2C2E79A90074B583 /* AppleLoginUseCase.swift */ = {isa = PBXFileReference; lastKnownFileType = sourcecode.swift; path = AppleLoginUseCase.swift; sourceTree = "<group>"; };
		5382490F2C3139C80074B583 /* LoginUserDefaultsService.swift */ = {isa = PBXFileReference; lastKnownFileType = sourcecode.swift; path = LoginUserDefaultsService.swift; sourceTree = "<group>"; };
		538249122C3196AD0074B583 /* NaverLoginUseCase.swift */ = {isa = PBXFileReference; lastKnownFileType = sourcecode.swift; path = NaverLoginUseCase.swift; sourceTree = "<group>"; };
		5383BE842C327FF9008940F1 /* NonMembersAccessViewController.swift */ = {isa = PBXFileReference; lastKnownFileType = sourcecode.swift; path = NonMembersAccessViewController.swift; sourceTree = "<group>"; };
		5383BE8A2C34D543008940F1 /* PretendardVariable.ttf */ = {isa = PBXFileReference; lastKnownFileType = file; path = PretendardVariable.ttf; sourceTree = "<group>"; };
		5383BE8C2C34D594008940F1 /* FontUtility.swift */ = {isa = PBXFileReference; lastKnownFileType = sourcecode.swift; path = FontUtility.swift; sourceTree = "<group>"; };
		5383BE8E2C34DF27008940F1 /* Font.swift */ = {isa = PBXFileReference; lastKnownFileType = sourcecode.swift; path = Font.swift; sourceTree = "<group>"; };
		53BE7ACE2C367008002FC64F /* DateHelper.swift */ = {isa = PBXFileReference; lastKnownFileType = sourcecode.swift; path = DateHelper.swift; sourceTree = "<group>"; };
		53BE7AD12C367181002FC64F /* Date+Extension.swift */ = {isa = PBXFileReference; lastKnownFileType = sourcecode.swift; path = "Date+Extension.swift"; sourceTree = "<group>"; };
		53BE7AD32C369A35002FC64F /* OptionButtonView.swift */ = {isa = PBXFileReference; lastKnownFileType = sourcecode.swift; path = OptionButtonView.swift; sourceTree = "<group>"; };
/* End PBXFileReference section */

/* Begin PBXFrameworksBuildPhase section */
		536BDDA72C189B230043B1DA /* Frameworks */ = {
			isa = PBXFrameworksBuildPhase;
			buildActionMask = 2147483647;
			files = (
				536BDE1F2C1B52510043B1DA /* RxSwift in Frameworks */,
				536BDE1D2C1B52510043B1DA /* RxRelay in Frameworks */,
				536BDE212C1B52510043B1DA /* ReactorKit in Frameworks */,
				538249152C319C020074B583 /* naveridlogin-ios-sp in Frameworks */,
				536BDE192C1B52510043B1DA /* SnapKit in Frameworks */,
				536BDE152C1B52510043B1DA /* PinLayout in Frameworks */,
				536BDE232C1B52510043B1DA /* RxAlamofire in Frameworks */,
				536BDE1B2C1B52510043B1DA /* RxCocoa in Frameworks */,
				536BDE172C1B52510043B1DA /* FlexLayout in Frameworks */,
				533A2B3B2C2C590400A59340 /* RxKakaoSDK in Frameworks */,
			);
			runOnlyForDeploymentPostprocessing = 0;
		};
		536BDDBD2C189B240043B1DA /* Frameworks */ = {
			isa = PBXFrameworksBuildPhase;
			buildActionMask = 2147483647;
			files = (
			);
			runOnlyForDeploymentPostprocessing = 0;
		};
		536BDDC72C189B240043B1DA /* Frameworks */ = {
			isa = PBXFrameworksBuildPhase;
			buildActionMask = 2147483647;
			files = (
			);
			runOnlyForDeploymentPostprocessing = 0;
		};
/* End PBXFrameworksBuildPhase section */

/* Begin PBXGroup section */
		531173202C36AD1300FF787D /* MyPage */ = {
			isa = PBXGroup;
			children = (
				536BDE302C1B55440043B1DA /* MyPageViewController.swift */,
			);
			path = MyPage;
			sourceTree = "<group>";
		};
		5317865E2C1EAC4B00ACEF6A /* Constraints */ = {
			isa = PBXGroup;
			children = (
				5317865C2C1EAC4700ACEF6A /* Screen.swift */,
				531786842C23261200ACEF6A /* SheetHeight.swift */,
			);
			path = Constraints;
			sourceTree = "<group>";
		};
		531786692C200D4700ACEF6A /* Base */ = {
			isa = PBXGroup;
			children = (
				531786522C1C8BFB00ACEF6A /* BaseViewController.swift */,
				5317866A2C200D6000ACEF6A /* BasePickerViewController.swift */,
			);
			path = Base;
			sourceTree = "<group>";
		};
		531786722C202F0300ACEF6A /* Service */ = {
			isa = PBXGroup;
			children = (
				531786702C202EF500ACEF6A /* DIContainerService.swift */,
				531786732C202F1B00ACEF6A /* NetworkService.swift */,
				5382490F2C3139C80074B583 /* LoginUserDefaultsService.swift */,
			);
			path = Service;
			sourceTree = "<group>";
		};
		531786792C20777000ACEF6A /* Notification */ = {
			isa = PBXGroup;
			children = (
				536BDE2E2C1B55240043B1DA /* NotiViewController.swift */,
				5317867A2C2077EC00ACEF6A /* NotiViewTableViewCell.swift */,
			);
			path = Notification;
			sourceTree = "<group>";
		};
		531786802C21D3E400ACEF6A /* Chat */ = {
			isa = PBXGroup;
			children = (
				536BDE2A2C1B54C80043B1DA /* ChatListViewController.swift */,
				531786812C21D3F700ACEF6A /* ChatListTableViewCell.swift */,
			);
			path = Chat;
			sourceTree = "<group>";
		};
		531786832C23248B00ACEF6A /* AddPost */ = {
			isa = PBXGroup;
			children = (
				536BDE2C2C1B55080043B1DA /* AddViewController.swift */,
			);
			path = AddPost;
			sourceTree = "<group>";
		};
		533A2B282C28558D00A59340 /* Sign */ = {
			isa = PBXGroup;
			children = (
				533A2B262C28558600A59340 /* SignInViewController.swift */,
				533A2B2B2C29485E00A59340 /* SignUpViewController.swift */,
				533A2B2F2C2AC5C400A59340 /* InputFavoriteTeamViewContoller.swift */,
				533A2B352C2BEA3900A59340 /* InputCheerStyleViewController.swift */,
				533A2B372C2BFD4B00A59340 /* SignUpFinishedViewController.swift */,
				533A2B332C2BE98D00A59340 /* SignSelectedButton.swift */,
			);
			path = Sign;
			sourceTree = "<group>";
		};
		536BDDA12C189B230043B1DA = {
			isa = PBXGroup;
			children = (
				536BDDAC2C189B230043B1DA /* CatchMate */,
				536BDDC32C189B240043B1DA /* CatchMateTests */,
				536BDDCD2C189B240043B1DA /* CatchMateUITests */,
				536BDDAB2C189B230043B1DA /* Products */,
				536BDE132C1B52510043B1DA /* Frameworks */,
			);
			sourceTree = "<group>";
		};
		536BDDAB2C189B230043B1DA /* Products */ = {
			isa = PBXGroup;
			children = (
				536BDDAA2C189B230043B1DA /* CatchMate.app */,
				536BDDC02C189B240043B1DA /* CatchMateTests.xctest */,
				536BDDCA2C189B240043B1DA /* CatchMateUITests.xctest */,
			);
			name = Products;
			sourceTree = "<group>";
		};
		536BDDAC2C189B230043B1DA /* CatchMate */ = {
			isa = PBXGroup;
			children = (
				533A2B472C2D606600A59340 /* CatchMate.entitlements */,
				536BDDDD2C1969370043B1DA /* APP */,
				536BDDDE2C196BEB0043B1DA /* Resources */,
				536BDDE32C196FD10043B1DA /* Utilities */,
				536BDDE52C1971830043B1DA /* Presentaions */,
				536BDDEA2C1971D20043B1DA /* Domain */,
				536BDDF42C1972590043B1DA /* Data */,
				536BDE032C1973090043B1DA /* DesignSystem */,
			);
			path = CatchMate;
			sourceTree = "<group>";
		};
		536BDDC32C189B240043B1DA /* CatchMateTests */ = {
			isa = PBXGroup;
			children = (
				536BDDC42C189B240043B1DA /* CatchMateTests.swift */,
			);
			path = CatchMateTests;
			sourceTree = "<group>";
		};
		536BDDCD2C189B240043B1DA /* CatchMateUITests */ = {
			isa = PBXGroup;
			children = (
				536BDDCE2C189B240043B1DA /* CatchMateUITests.swift */,
				536BDDD02C189B240043B1DA /* CatchMateUITestsLaunchTests.swift */,
			);
			path = CatchMateUITests;
			sourceTree = "<group>";
		};
		536BDDDD2C1969370043B1DA /* APP */ = {
			isa = PBXGroup;
			children = (
				53241F452C3D879100F468E1 /* APIKEY.xcconfig */,
				53241F462C3D879200F468E1 /* APIKeys.plist */,
				53241F472C3D879200F468E1 /* Info.plist */,
				536BDDAD2C189B230043B1DA /* AppDelegate.swift */,
				536BDDAF2C189B230043B1DA /* SceneDelegate.swift */,
			);
			path = APP;
			sourceTree = "<group>";
		};
		536BDDDE2C196BEB0043B1DA /* Resources */ = {
			isa = PBXGroup;
			children = (
				536BDDB62C189B240043B1DA /* Assets.xcassets */,
				536BDDB82C189B240043B1DA /* LaunchScreen.storyboard */,
				53241F3D2C3C589100F468E1 /* DesignAssets.xcassets */,
			);
			path = Resources;
			sourceTree = "<group>";
		};
		536BDDE32C196FD10043B1DA /* Utilities */ = {
			isa = PBXGroup;
			children = (
				5383BE8B2C34D54B008940F1 /* Font */,
				536BDDE42C196FFD0043B1DA /* Extensions */,
				5317865E2C1EAC4B00ACEF6A /* Constraints */,
				531786722C202F0300ACEF6A /* Service */,
				53BE7AD02C36700D002FC64F /* Helpers */,
			);
			path = Utilities;
			sourceTree = "<group>";
		};
		536BDDE42C196FFD0043B1DA /* Extensions */ = {
			isa = PBXGroup;
			children = (
				536BDDE12C196F510043B1DA /* Bundle+Extension.swift */,
				536BDE262C1B53150043B1DA /* UIColor+Extension.swift */,
				531786542C1C8E7800ACEF6A /* UIImage+Extension.swift */,
				531786562C1C8F1900ACEF6A /* UIView+Extension.swift */,
				531786582C1C934A00ACEF6A /* UIViewController+Extension.swift */,
				53BE7AD12C367181002FC64F /* Date+Extension.swift */,
			);
			path = Extensions;
			sourceTree = "<group>";
		};
		536BDDE52C1971830043B1DA /* Presentaions */ = {
			isa = PBXGroup;
			children = (
				536BDDE72C1971AF0043B1DA /* ViewModel */,
				536BDDE62C1971950043B1DA /* View */,
			);
			path = Presentaions;
			sourceTree = "<group>";
		};
		536BDDE62C1971950043B1DA /* View */ = {
			isa = PBXGroup;
			children = (
				533A2B282C28558D00A59340 /* Sign */,
				536BDE102C1B51DE0043B1DA /* TabBar */,
				536BDE322C1B578C0043B1DA /* Home */,
				531786802C21D3E400ACEF6A /* Chat */,
				531786832C23248B00ACEF6A /* AddPost */,
				531786792C20777000ACEF6A /* Notification */,
				531173202C36AD1300FF787D /* MyPage */,
				536548A22C3EF3B700C2309A /* FavoriteListViewController.swift */,
			);
			path = View;
			sourceTree = "<group>";
		};
		536BDDE72C1971AF0043B1DA /* ViewModel */ = {
			isa = PBXGroup;
			children = (
				536BDDE82C1971C70043B1DA /* SignReactor.swift */,
				536BDE392C1C1F210043B1DA /* HomeReactor.swift */,
			);
			path = ViewModel;
			sourceTree = "<group>";
		};
		536BDDEA2C1971D20043B1DA /* Domain */ = {
			isa = PBXGroup;
			children = (
				536BDDED2C1972120043B1DA /* Model */,
				536BDDEE2C1972230043B1DA /* UseCases */,
				536BDDF12C19723B0043B1DA /* Repositories */,
			);
			path = Domain;
			sourceTree = "<group>";
		};
		536BDDED2C1972120043B1DA /* Model */ = {
			isa = PBXGroup;
			children = (
				531786632C1EF30F00ACEF6A /* Team.swift */,
				536BDDEB2C19720E0043B1DA /* User.swift */,
				531786772C20498800ACEF6A /* Post.swift */,
				533A2B312C2BE7E600A59340 /* CheerStyles.swift */,
			);
			path = Model;
			sourceTree = "<group>";
		};
		536BDDEE2C1972230043B1DA /* UseCases */ = {
			isa = PBXGroup;
			children = (
				533A2B452C2C638100A59340 /* KakaoLoginUseCase.swift */,
				5382490D2C2E79A90074B583 /* AppleLoginUseCase.swift */,
				538249122C3196AD0074B583 /* NaverLoginUseCase.swift */,
			);
			path = UseCases;
			sourceTree = "<group>";
		};
		536BDDF12C19723B0043B1DA /* Repositories */ = {
			isa = PBXGroup;
			children = (
				531786752C20494500ACEF6A /* HomeRepository.swift */,
				533A2B412C2C624D00A59340 /* SignRepository.swift */,
			);
			path = Repositories;
			sourceTree = "<group>";
		};
		536BDDF42C1972590043B1DA /* Data */ = {
			isa = PBXGroup;
			children = (
				536BDDF72C1972780043B1DA /* DTO */,
				536BDDFA2C19728C0043B1DA /* Mapper */,
				536BDDFD2C1972A40043B1DA /* Repositories */,
				536BDE002C1972D80043B1DA /* DataSources */,
			);
			path = Data;
			sourceTree = "<group>";
		};
		536BDDF72C1972780043B1DA /* DTO */ = {
			isa = PBXGroup;
			children = (
				536BDDF52C1972740043B1DA /* UserDTO.swift */,
				533A2B3E2C2C5DBC00A59340 /* SNSLoginResponse.swift */,
			);
			path = DTO;
			sourceTree = "<group>";
		};
		536BDDFA2C19728C0043B1DA /* Mapper */ = {
			isa = PBXGroup;
			children = (
				536BDDF82C1972880043B1DA /* UserMapper.swift */,
			);
			path = Mapper;
			sourceTree = "<group>";
		};
		536BDDFD2C1972A40043B1DA /* Repositories */ = {
			isa = PBXGroup;
			children = (
				533A2B432C2C62C700A59340 /* SignRepositoryImpl.swift */,
			);
			path = Repositories;
			sourceTree = "<group>";
		};
		536BDE002C1972D80043B1DA /* DataSources */ = {
			isa = PBXGroup;
			children = (
				536BDDFE2C1972D30043B1DA /* UserDataSource.swift */,
				533A2B3C2C2C5CE700A59340 /* SignDataSource.swift */,
			);
			path = DataSources;
			sourceTree = "<group>";
		};
		536BDE032C1973090043B1DA /* DesignSystem */ = {
			isa = PBXGroup;
			children = (
				531786692C200D4700ACEF6A /* Base */,
				536BDE252C1B52FB0043B1DA /* Resources */,
				536BDE042C1973140043B1DA /* Components */,
				53241F3B2C3C517600F468E1 /* GridSystem.swift */,
			);
			path = DesignSystem;
			sourceTree = "<group>";
		};
		536BDE042C1973140043B1DA /* Components */ = {
			isa = PBXGroup;
			children = (
				536BDE372C1C07990043B1DA /* PaddingLabel.swift */,
				531786652C1F014E00ACEF6A /* CMTextField.swift */,
				531786672C20048B00ACEF6A /* CMPickerTextField.swift */,
				533A2B222C27FF6A00A59340 /* CMTextView.swift */,
				533A2B242C280E0500A59340 /* CMDefaultFilledButton.swift */,
				533A2B292C2859D600A59340 /* CMImageButton.swift */,
				533A2B2D2C29B56100A59340 /* CMDefaultBorderedButton.swift */,
				53241F4D2C3EE58E00F468E1 /* CMPopupViewController.swift */,
			);
			path = Components;
			sourceTree = "<group>";
		};
		536BDE102C1B51DE0043B1DA /* TabBar */ = {
			isa = PBXGroup;
			children = (
				536BDE112C1B51FD0043B1DA /* TabBarController.swift */,
				5383BE842C327FF9008940F1 /* NonMembersAccessViewController.swift */,
			);
			path = TabBar;
			sourceTree = "<group>";
		};
		536BDE132C1B52510043B1DA /* Frameworks */ = {
			isa = PBXGroup;
			children = (
			);
			name = Frameworks;
			sourceTree = "<group>";
		};
		536BDE252C1B52FB0043B1DA /* Resources */ = {
			isa = PBXGroup;
			children = (
				536BDE282C1B53860043B1DA /* Color.swift */,
				5383BE8E2C34DF27008940F1 /* Font.swift */,
			);
			path = Resources;
			sourceTree = "<group>";
		};
		536BDE322C1B578C0043B1DA /* Home */ = {
			isa = PBXGroup;
			children = (
				536BDDB12C189B230043B1DA /* HomeViewController.swift */,
				536BDE352C1BEC870043B1DA /* ListCardViewTableViewCell.swift */,
				536BDE332C1B57B10043B1DA /* HomeFilterButton.swift */,
				53BE7AD32C369A35002FC64F /* OptionButtonView.swift */,
				5317865A2C1C956400ACEF6A /* DateFilterViewController.swift */,
				5317865F2C1EB24D00ACEF6A /* TeamFilterViewController.swift */,
				531786612C1EE6C500ACEF6A /* TeamFilterTableViewCell.swift */,
				5317866C2C200EDB00ACEF6A /* AllFilterViewController.swift */,
				5317867C2C216CBE00ACEF6A /* NumberPickerViewController.swift */,
				5317867E2C217CB900ACEF6A /* TeamFilterCollectionViewCell.swift */,
			);
			path = Home;
			sourceTree = "<group>";
		};
		5383BE8B2C34D54B008940F1 /* Font */ = {
			isa = PBXGroup;
			children = (
				5383BE8A2C34D543008940F1 /* PretendardVariable.ttf */,
				5383BE8C2C34D594008940F1 /* FontUtility.swift */,
			);
			path = Font;
			sourceTree = "<group>";
		};
		53BE7AD02C36700D002FC64F /* Helpers */ = {
			isa = PBXGroup;
			children = (
				53BE7ACE2C367008002FC64F /* DateHelper.swift */,
			);
			path = Helpers;
			sourceTree = "<group>";
		};
/* End PBXGroup section */

/* Begin PBXNativeTarget section */
		536BDDA92C189B230043B1DA /* CatchMate */ = {
			isa = PBXNativeTarget;
			buildConfigurationList = 536BDDD42C189B240043B1DA /* Build configuration list for PBXNativeTarget "CatchMate" */;
			buildPhases = (
				536BDDA62C189B230043B1DA /* Sources */,
				536BDDA72C189B230043B1DA /* Frameworks */,
				536BDDA82C189B230043B1DA /* Resources */,
			);
			buildRules = (
			);
			dependencies = (
			);
			name = CatchMate;
			packageProductDependencies = (
				536BDE142C1B52510043B1DA /* PinLayout */,
				536BDE162C1B52510043B1DA /* FlexLayout */,
				536BDE182C1B52510043B1DA /* SnapKit */,
				536BDE1A2C1B52510043B1DA /* RxCocoa */,
				536BDE1C2C1B52510043B1DA /* RxRelay */,
				536BDE1E2C1B52510043B1DA /* RxSwift */,
				536BDE202C1B52510043B1DA /* ReactorKit */,
				536BDE222C1B52510043B1DA /* RxAlamofire */,
				533A2B3A2C2C590400A59340 /* RxKakaoSDK */,
				538249142C319C020074B583 /* naveridlogin-ios-sp */,
			);
			productName = CatchMate;
			productReference = 536BDDAA2C189B230043B1DA /* CatchMate.app */;
			productType = "com.apple.product-type.application";
		};
		536BDDBF2C189B240043B1DA /* CatchMateTests */ = {
			isa = PBXNativeTarget;
			buildConfigurationList = 536BDDD72C189B240043B1DA /* Build configuration list for PBXNativeTarget "CatchMateTests" */;
			buildPhases = (
				536BDDBC2C189B240043B1DA /* Sources */,
				536BDDBD2C189B240043B1DA /* Frameworks */,
				536BDDBE2C189B240043B1DA /* Resources */,
			);
			buildRules = (
			);
			dependencies = (
				536BDDC22C189B240043B1DA /* PBXTargetDependency */,
			);
			name = CatchMateTests;
			productName = CatchMateTests;
			productReference = 536BDDC02C189B240043B1DA /* CatchMateTests.xctest */;
			productType = "com.apple.product-type.bundle.unit-test";
		};
		536BDDC92C189B240043B1DA /* CatchMateUITests */ = {
			isa = PBXNativeTarget;
			buildConfigurationList = 536BDDDA2C189B240043B1DA /* Build configuration list for PBXNativeTarget "CatchMateUITests" */;
			buildPhases = (
				536BDDC62C189B240043B1DA /* Sources */,
				536BDDC72C189B240043B1DA /* Frameworks */,
				536BDDC82C189B240043B1DA /* Resources */,
			);
			buildRules = (
			);
			dependencies = (
				536BDDCC2C189B240043B1DA /* PBXTargetDependency */,
			);
			name = CatchMateUITests;
			productName = CatchMateUITests;
			productReference = 536BDDCA2C189B240043B1DA /* CatchMateUITests.xctest */;
			productType = "com.apple.product-type.bundle.ui-testing";
		};
/* End PBXNativeTarget section */

/* Begin PBXProject section */
		536BDDA22C189B230043B1DA /* Project object */ = {
			isa = PBXProject;
			attributes = {
				BuildIndependentTargetsInParallel = 1;
				LastSwiftUpdateCheck = 1530;
				LastUpgradeCheck = 1530;
				TargetAttributes = {
					536BDDA92C189B230043B1DA = {
						CreatedOnToolsVersion = 15.3;
					};
					536BDDBF2C189B240043B1DA = {
						CreatedOnToolsVersion = 15.3;
						TestTargetID = 536BDDA92C189B230043B1DA;
					};
					536BDDC92C189B240043B1DA = {
						CreatedOnToolsVersion = 15.3;
						TestTargetID = 536BDDA92C189B230043B1DA;
					};
				};
			};
			buildConfigurationList = 536BDDA52C189B230043B1DA /* Build configuration list for PBXProject "CatchMate" */;
			compatibilityVersion = "Xcode 14.0";
			developmentRegion = en;
			hasScannedForEncodings = 0;
			knownRegions = (
				en,
				Base,
			);
			mainGroup = 536BDDA12C189B230043B1DA;
			packageReferences = (
				536BDE092C1B4F1F0043B1DA /* XCRemoteSwiftPackageReference "PinLayout" */,
				536BDE0A2C1B4F910043B1DA /* XCRemoteSwiftPackageReference "FlexLayout" */,
				536BDE0B2C1B4F9E0043B1DA /* XCRemoteSwiftPackageReference "SnapKit" */,
				536BDE0D2C1B50BC0043B1DA /* XCRemoteSwiftPackageReference "RxSwift" */,
				536BDE0E2C1B50CB0043B1DA /* XCRemoteSwiftPackageReference "ReactorKit" */,
				536BDE0F2C1B51440043B1DA /* XCRemoteSwiftPackageReference "RxAlamofire" */,
				533A2B392C2C581300A59340 /* XCRemoteSwiftPackageReference "kakao-ios-sdk-rx" */,
				538249112C31881D0074B583 /* XCRemoteSwiftPackageReference "naveridlogin-ios-sp" */,
			);
			productRefGroup = 536BDDAB2C189B230043B1DA /* Products */;
			projectDirPath = "";
			projectRoot = "";
			targets = (
				536BDDA92C189B230043B1DA /* CatchMate */,
				536BDDBF2C189B240043B1DA /* CatchMateTests */,
				536BDDC92C189B240043B1DA /* CatchMateUITests */,
			);
		};
/* End PBXProject section */

/* Begin PBXResourcesBuildPhase section */
		536BDDA82C189B230043B1DA /* Resources */ = {
			isa = PBXResourcesBuildPhase;
			buildActionMask = 2147483647;
			files = (
				53241F3E2C3C589100F468E1 /* DesignAssets.xcassets in Resources */,
				5383BE902C34ECD1008940F1 /* PretendardVariable.ttf in Resources */,
				536BDDB72C189B240043B1DA /* Assets.xcassets in Resources */,
				53241F492C3D879200F468E1 /* APIKeys.plist in Resources */,
				53241F482C3D879200F468E1 /* APIKEY.xcconfig in Resources */,
				536BDDBA2C189B240043B1DA /* Base in Resources */,
			);
			runOnlyForDeploymentPostprocessing = 0;
		};
		536BDDBE2C189B240043B1DA /* Resources */ = {
			isa = PBXResourcesBuildPhase;
			buildActionMask = 2147483647;
			files = (
			);
			runOnlyForDeploymentPostprocessing = 0;
		};
		536BDDC82C189B240043B1DA /* Resources */ = {
			isa = PBXResourcesBuildPhase;
			buildActionMask = 2147483647;
			files = (
			);
			runOnlyForDeploymentPostprocessing = 0;
		};
/* End PBXResourcesBuildPhase section */

/* Begin PBXSourcesBuildPhase section */
		536BDDA62C189B230043B1DA /* Sources */ = {
			isa = PBXSourcesBuildPhase;
			buildActionMask = 2147483647;
			files = (
				531786762C20494500ACEF6A /* HomeRepository.swift in Sources */,
				536BDDB22C189B230043B1DA /* HomeViewController.swift in Sources */,
				533A2B362C2BEA3900A59340 /* InputCheerStyleViewController.swift in Sources */,
				53BE7AD42C369A35002FC64F /* OptionButtonView.swift in Sources */,
				536BDDF92C1972880043B1DA /* UserMapper.swift in Sources */,
				531786782C20498800ACEF6A /* Post.swift in Sources */,
				533A2B2C2C29485E00A59340 /* SignUpViewController.swift in Sources */,
				53241F4E2C3EE58E00F468E1 /* CMPopupViewController.swift in Sources */,
				536BDE2D2C1B55080043B1DA /* AddViewController.swift in Sources */,
				533A2B462C2C638100A59340 /* KakaoLoginUseCase.swift in Sources */,
				531786602C1EB24D00ACEF6A /* TeamFilterViewController.swift in Sources */,
				531786822C21D3F700ACEF6A /* ChatListTableViewCell.swift in Sources */,
				531786592C1C934A00ACEF6A /* UIViewController+Extension.swift in Sources */,
				5317865D2C1EAC4700ACEF6A /* Screen.swift in Sources */,
				538249102C3139C80074B583 /* LoginUserDefaultsService.swift in Sources */,
				531786622C1EE6C500ACEF6A /* TeamFilterTableViewCell.swift in Sources */,
				536BDE3A2C1C1F210043B1DA /* HomeReactor.swift in Sources */,
				536BDDAE2C189B230043B1DA /* AppDelegate.swift in Sources */,
				536BDE292C1B53860043B1DA /* Color.swift in Sources */,
				5317866D2C200EDB00ACEF6A /* AllFilterViewController.swift in Sources */,
				533A2B2A2C2859D600A59340 /* CMImageButton.swift in Sources */,
				536BDE2F2C1B55240043B1DA /* NotiViewController.swift in Sources */,
				533A2B382C2BFD4B00A59340 /* SignUpFinishedViewController.swift in Sources */,
				536BDE362C1BEC870043B1DA /* ListCardViewTableViewCell.swift in Sources */,
				536BDDFF2C1972D30043B1DA /* UserDataSource.swift in Sources */,
				53BE7AD22C367181002FC64F /* Date+Extension.swift in Sources */,
				536BDDEC2C19720E0043B1DA /* User.swift in Sources */,
				53241F3C2C3C517600F468E1 /* GridSystem.swift in Sources */,
				533A2B422C2C624D00A59340 /* SignRepository.swift in Sources */,
				533A2B322C2BE7E600A59340 /* CheerStyles.swift in Sources */,
				531786572C1C8F1900ACEF6A /* UIView+Extension.swift in Sources */,
				536BDDE92C1971C70043B1DA /* SignReactor.swift in Sources */,
				531786552C1C8E7800ACEF6A /* UIImage+Extension.swift in Sources */,
				536BDE342C1B57B10043B1DA /* HomeFilterButton.swift in Sources */,
				536BDE272C1B53150043B1DA /* UIColor+Extension.swift in Sources */,
				536BDE382C1C07990043B1DA /* PaddingLabel.swift in Sources */,
				533A2B232C27FF6A00A59340 /* CMTextView.swift in Sources */,
				536BDE2B2C1B54C80043B1DA /* ChatListViewController.swift in Sources */,
				533A2B302C2AC5C400A59340 /* InputFavoriteTeamViewContoller.swift in Sources */,
				536BDE312C1B55440043B1DA /* MyPageViewController.swift in Sources */,
				531786682C20048B00ACEF6A /* CMPickerTextField.swift in Sources */,
				531786532C1C8BFB00ACEF6A /* BaseViewController.swift in Sources */,
				5383BE852C327FF9008940F1 /* NonMembersAccessViewController.swift in Sources */,
				536BDDF62C1972740043B1DA /* UserDTO.swift in Sources */,
				5383BE8D2C34D595008940F1 /* FontUtility.swift in Sources */,
				531786712C202EF500ACEF6A /* DIContainerService.swift in Sources */,
				533A2B3F2C2C5DBC00A59340 /* SNSLoginResponse.swift in Sources */,
				533A2B252C280E0500A59340 /* CMDefaultFilledButton.swift in Sources */,
				533A2B2E2C29B56200A59340 /* CMDefaultBorderedButton.swift in Sources */,
				533A2B3D2C2C5CE700A59340 /* SignDataSource.swift in Sources */,
				536BDE122C1B51FD0043B1DA /* TabBarController.swift in Sources */,
				536BDDB02C189B230043B1DA /* SceneDelegate.swift in Sources */,
				531786642C1EF30F00ACEF6A /* Team.swift in Sources */,
				538249132C3196AD0074B583 /* NaverLoginUseCase.swift in Sources */,
				5317867D2C216CBE00ACEF6A /* NumberPickerViewController.swift in Sources */,
				5317867F2C217CB900ACEF6A /* TeamFilterCollectionViewCell.swift in Sources */,
				5317867B2C2077EC00ACEF6A /* NotiViewTableViewCell.swift in Sources */,
				531786662C1F014E00ACEF6A /* CMTextField.swift in Sources */,
				5382490E2C2E79A90074B583 /* AppleLoginUseCase.swift in Sources */,
				5317866B2C200D6000ACEF6A /* BasePickerViewController.swift in Sources */,
				536BDDE22C196F510043B1DA /* Bundle+Extension.swift in Sources */,
				533A2B272C28558600A59340 /* SignInViewController.swift in Sources */,
				531786742C202F1B00ACEF6A /* NetworkService.swift in Sources */,
				5317865B2C1C956400ACEF6A /* DateFilterViewController.swift in Sources */,
				53BE7ACF2C367008002FC64F /* DateHelper.swift in Sources */,
				5383BE8F2C34DF27008940F1 /* Font.swift in Sources */,
				536548A32C3EF3B700C2309A /* FavoriteListViewController.swift in Sources */,
				531786852C23261200ACEF6A /* SheetHeight.swift in Sources */,
				533A2B442C2C62C700A59340 /* SignRepositoryImpl.swift in Sources */,
				533A2B342C2BE98D00A59340 /* SignSelectedButton.swift in Sources */,
			);
			runOnlyForDeploymentPostprocessing = 0;
		};
		536BDDBC2C189B240043B1DA /* Sources */ = {
			isa = PBXSourcesBuildPhase;
			buildActionMask = 2147483647;
			files = (
				536BDDC52C189B240043B1DA /* CatchMateTests.swift in Sources */,
			);
			runOnlyForDeploymentPostprocessing = 0;
		};
		536BDDC62C189B240043B1DA /* Sources */ = {
			isa = PBXSourcesBuildPhase;
			buildActionMask = 2147483647;
			files = (
				536BDDCF2C189B240043B1DA /* CatchMateUITests.swift in Sources */,
				536BDDD12C189B240043B1DA /* CatchMateUITestsLaunchTests.swift in Sources */,
			);
			runOnlyForDeploymentPostprocessing = 0;
		};
/* End PBXSourcesBuildPhase section */

/* Begin PBXTargetDependency section */
		536BDDC22C189B240043B1DA /* PBXTargetDependency */ = {
			isa = PBXTargetDependency;
			target = 536BDDA92C189B230043B1DA /* CatchMate */;
			targetProxy = 536BDDC12C189B240043B1DA /* PBXContainerItemProxy */;
		};
		536BDDCC2C189B240043B1DA /* PBXTargetDependency */ = {
			isa = PBXTargetDependency;
			target = 536BDDA92C189B230043B1DA /* CatchMate */;
			targetProxy = 536BDDCB2C189B240043B1DA /* PBXContainerItemProxy */;
		};
/* End PBXTargetDependency section */

/* Begin PBXVariantGroup section */
		536BDDB82C189B240043B1DA /* LaunchScreen.storyboard */ = {
			isa = PBXVariantGroup;
			children = (
				536BDDB92C189B240043B1DA /* Base */,
			);
			name = LaunchScreen.storyboard;
			sourceTree = "<group>";
		};
/* End PBXVariantGroup section */

/* Begin XCBuildConfiguration section */
		536BDDD22C189B240043B1DA /* Debug */ = {
			isa = XCBuildConfiguration;
			buildSettings = {
				ALWAYS_SEARCH_USER_PATHS = NO;
				ASSETCATALOG_COMPILER_GENERATE_SWIFT_ASSET_SYMBOL_EXTENSIONS = YES;
				CLANG_ANALYZER_NONNULL = YES;
				CLANG_ANALYZER_NUMBER_OBJECT_CONVERSION = YES_AGGRESSIVE;
				CLANG_CXX_LANGUAGE_STANDARD = "gnu++20";
				CLANG_ENABLE_MODULES = YES;
				CLANG_ENABLE_OBJC_ARC = YES;
				CLANG_ENABLE_OBJC_WEAK = YES;
				CLANG_WARN_BLOCK_CAPTURE_AUTORELEASING = YES;
				CLANG_WARN_BOOL_CONVERSION = YES;
				CLANG_WARN_COMMA = YES;
				CLANG_WARN_CONSTANT_CONVERSION = YES;
				CLANG_WARN_DEPRECATED_OBJC_IMPLEMENTATIONS = YES;
				CLANG_WARN_DIRECT_OBJC_ISA_USAGE = YES_ERROR;
				CLANG_WARN_DOCUMENTATION_COMMENTS = YES;
				CLANG_WARN_EMPTY_BODY = YES;
				CLANG_WARN_ENUM_CONVERSION = YES;
				CLANG_WARN_INFINITE_RECURSION = YES;
				CLANG_WARN_INT_CONVERSION = YES;
				CLANG_WARN_NON_LITERAL_NULL_CONVERSION = YES;
				CLANG_WARN_OBJC_IMPLICIT_RETAIN_SELF = YES;
				CLANG_WARN_OBJC_LITERAL_CONVERSION = YES;
				CLANG_WARN_OBJC_ROOT_CLASS = YES_ERROR;
				CLANG_WARN_QUOTED_INCLUDE_IN_FRAMEWORK_HEADER = YES;
				CLANG_WARN_RANGE_LOOP_ANALYSIS = YES;
				CLANG_WARN_STRICT_PROTOTYPES = YES;
				CLANG_WARN_SUSPICIOUS_MOVE = YES;
				CLANG_WARN_UNGUARDED_AVAILABILITY = YES_AGGRESSIVE;
				CLANG_WARN_UNREACHABLE_CODE = YES;
				CLANG_WARN__DUPLICATE_METHOD_MATCH = YES;
				COPY_PHASE_STRIP = NO;
				DEBUG_INFORMATION_FORMAT = dwarf;
				ENABLE_STRICT_OBJC_MSGSEND = YES;
				ENABLE_TESTABILITY = YES;
				ENABLE_USER_SCRIPT_SANDBOXING = YES;
				GCC_C_LANGUAGE_STANDARD = gnu17;
				GCC_DYNAMIC_NO_PIC = NO;
				GCC_NO_COMMON_BLOCKS = YES;
				GCC_OPTIMIZATION_LEVEL = 0;
				GCC_PREPROCESSOR_DEFINITIONS = (
					"DEBUG=1",
					"$(inherited)",
				);
				GCC_WARN_64_TO_32_BIT_CONVERSION = YES;
				GCC_WARN_ABOUT_RETURN_TYPE = YES_ERROR;
				GCC_WARN_UNDECLARED_SELECTOR = YES;
				GCC_WARN_UNINITIALIZED_AUTOS = YES_AGGRESSIVE;
				GCC_WARN_UNUSED_FUNCTION = YES;
				GCC_WARN_UNUSED_VARIABLE = YES;
				IPHONEOS_DEPLOYMENT_TARGET = 17.4;
				LOCALIZATION_PREFERS_STRING_CATALOGS = YES;
				MTL_ENABLE_DEBUG_INFO = INCLUDE_SOURCE;
				MTL_FAST_MATH = YES;
				ONLY_ACTIVE_ARCH = YES;
				SDKROOT = iphoneos;
				SWIFT_ACTIVE_COMPILATION_CONDITIONS = "DEBUG $(inherited)";
				SWIFT_OPTIMIZATION_LEVEL = "-Onone";
			};
			name = Debug;
		};
		536BDDD32C189B240043B1DA /* Release */ = {
			isa = XCBuildConfiguration;
			buildSettings = {
				ALWAYS_SEARCH_USER_PATHS = NO;
				ASSETCATALOG_COMPILER_GENERATE_SWIFT_ASSET_SYMBOL_EXTENSIONS = YES;
				CLANG_ANALYZER_NONNULL = YES;
				CLANG_ANALYZER_NUMBER_OBJECT_CONVERSION = YES_AGGRESSIVE;
				CLANG_CXX_LANGUAGE_STANDARD = "gnu++20";
				CLANG_ENABLE_MODULES = YES;
				CLANG_ENABLE_OBJC_ARC = YES;
				CLANG_ENABLE_OBJC_WEAK = YES;
				CLANG_WARN_BLOCK_CAPTURE_AUTORELEASING = YES;
				CLANG_WARN_BOOL_CONVERSION = YES;
				CLANG_WARN_COMMA = YES;
				CLANG_WARN_CONSTANT_CONVERSION = YES;
				CLANG_WARN_DEPRECATED_OBJC_IMPLEMENTATIONS = YES;
				CLANG_WARN_DIRECT_OBJC_ISA_USAGE = YES_ERROR;
				CLANG_WARN_DOCUMENTATION_COMMENTS = YES;
				CLANG_WARN_EMPTY_BODY = YES;
				CLANG_WARN_ENUM_CONVERSION = YES;
				CLANG_WARN_INFINITE_RECURSION = YES;
				CLANG_WARN_INT_CONVERSION = YES;
				CLANG_WARN_NON_LITERAL_NULL_CONVERSION = YES;
				CLANG_WARN_OBJC_IMPLICIT_RETAIN_SELF = YES;
				CLANG_WARN_OBJC_LITERAL_CONVERSION = YES;
				CLANG_WARN_OBJC_ROOT_CLASS = YES_ERROR;
				CLANG_WARN_QUOTED_INCLUDE_IN_FRAMEWORK_HEADER = YES;
				CLANG_WARN_RANGE_LOOP_ANALYSIS = YES;
				CLANG_WARN_STRICT_PROTOTYPES = YES;
				CLANG_WARN_SUSPICIOUS_MOVE = YES;
				CLANG_WARN_UNGUARDED_AVAILABILITY = YES_AGGRESSIVE;
				CLANG_WARN_UNREACHABLE_CODE = YES;
				CLANG_WARN__DUPLICATE_METHOD_MATCH = YES;
				COPY_PHASE_STRIP = NO;
				DEBUG_INFORMATION_FORMAT = "dwarf-with-dsym";
				ENABLE_NS_ASSERTIONS = NO;
				ENABLE_STRICT_OBJC_MSGSEND = YES;
				ENABLE_USER_SCRIPT_SANDBOXING = YES;
				GCC_C_LANGUAGE_STANDARD = gnu17;
				GCC_NO_COMMON_BLOCKS = YES;
				GCC_WARN_64_TO_32_BIT_CONVERSION = YES;
				GCC_WARN_ABOUT_RETURN_TYPE = YES_ERROR;
				GCC_WARN_UNDECLARED_SELECTOR = YES;
				GCC_WARN_UNINITIALIZED_AUTOS = YES_AGGRESSIVE;
				GCC_WARN_UNUSED_FUNCTION = YES;
				GCC_WARN_UNUSED_VARIABLE = YES;
				IPHONEOS_DEPLOYMENT_TARGET = 17.4;
				LOCALIZATION_PREFERS_STRING_CATALOGS = YES;
				MTL_ENABLE_DEBUG_INFO = NO;
				MTL_FAST_MATH = YES;
				SDKROOT = iphoneos;
				SWIFT_COMPILATION_MODE = wholemodule;
				VALIDATE_PRODUCT = YES;
			};
			name = Release;
		};
		536BDDD52C189B240043B1DA /* Debug */ = {
			isa = XCBuildConfiguration;
			buildSettings = {
				ASSETCATALOG_COMPILER_APPICON_NAME = AppIcon;
				ASSETCATALOG_COMPILER_GLOBAL_ACCENT_COLOR_NAME = AccentColor;
				CODE_SIGN_ENTITLEMENTS = CatchMate/CatchMate.entitlements;
				CODE_SIGN_STYLE = Automatic;
				CURRENT_PROJECT_VERSION = 1;
				DEVELOPMENT_TEAM = 977J65FA28;
				GENERATE_INFOPLIST_FILE = YES;
				INFOPLIST_FILE = CatchMate/APP/Info.plist;
				INFOPLIST_KEY_UIApplicationSupportsIndirectInputEvents = YES;
				INFOPLIST_KEY_UILaunchStoryboardName = LaunchScreen;
				INFOPLIST_KEY_UISupportedInterfaceOrientations = UIInterfaceOrientationPortrait;
				INFOPLIST_KEY_UISupportedInterfaceOrientations_iPad = "UIInterfaceOrientationLandscapeLeft UIInterfaceOrientationLandscapeRight UIInterfaceOrientationPortrait UIInterfaceOrientationPortraitUpsideDown";
				INFOPLIST_KEY_UIUserInterfaceStyle = Light;
				IPHONEOS_DEPLOYMENT_TARGET = 16.0;
				LD_RUNPATH_SEARCH_PATHS = (
					"$(inherited)",
					"@executable_path/Frameworks",
				);
				MARKETING_VERSION = 1.0;
				PRODUCT_BUNDLE_IDENTIFIER = com.tori.CatchMate;
				PRODUCT_NAME = "$(TARGET_NAME)";
				SUPPORTED_PLATFORMS = "iphoneos iphonesimulator";
				SUPPORTS_MACCATALYST = NO;
				SUPPORTS_MAC_DESIGNED_FOR_IPHONE_IPAD = NO;
				SUPPORTS_XR_DESIGNED_FOR_IPHONE_IPAD = NO;
				SWIFT_EMIT_LOC_STRINGS = YES;
				SWIFT_VERSION = 5.0;
				TARGETED_DEVICE_FAMILY = 1;
			};
			name = Debug;
		};
		536BDDD62C189B240043B1DA /* Release */ = {
			isa = XCBuildConfiguration;
			buildSettings = {
				ASSETCATALOG_COMPILER_APPICON_NAME = AppIcon;
				ASSETCATALOG_COMPILER_GLOBAL_ACCENT_COLOR_NAME = AccentColor;
				CODE_SIGN_ENTITLEMENTS = CatchMate/CatchMate.entitlements;
				CODE_SIGN_STYLE = Automatic;
				CURRENT_PROJECT_VERSION = 1;
				DEVELOPMENT_TEAM = 977J65FA28;
				GENERATE_INFOPLIST_FILE = YES;
				INFOPLIST_FILE = CatchMate/APP/Info.plist;
				INFOPLIST_KEY_UIApplicationSupportsIndirectInputEvents = YES;
				INFOPLIST_KEY_UILaunchStoryboardName = LaunchScreen;
				INFOPLIST_KEY_UISupportedInterfaceOrientations = UIInterfaceOrientationPortrait;
				INFOPLIST_KEY_UISupportedInterfaceOrientations_iPad = "UIInterfaceOrientationLandscapeLeft UIInterfaceOrientationLandscapeRight UIInterfaceOrientationPortrait UIInterfaceOrientationPortraitUpsideDown";
				INFOPLIST_KEY_UIUserInterfaceStyle = Light;
				IPHONEOS_DEPLOYMENT_TARGET = 16.0;
				LD_RUNPATH_SEARCH_PATHS = (
					"$(inherited)",
					"@executable_path/Frameworks",
				);
				MARKETING_VERSION = 1.0;
				PRODUCT_BUNDLE_IDENTIFIER = com.tori.CatchMate;
				PRODUCT_NAME = "$(TARGET_NAME)";
				SUPPORTED_PLATFORMS = "iphoneos iphonesimulator";
				SUPPORTS_MACCATALYST = NO;
				SUPPORTS_MAC_DESIGNED_FOR_IPHONE_IPAD = NO;
				SUPPORTS_XR_DESIGNED_FOR_IPHONE_IPAD = NO;
				SWIFT_EMIT_LOC_STRINGS = YES;
				SWIFT_VERSION = 5.0;
				TARGETED_DEVICE_FAMILY = 1;
			};
			name = Release;
		};
		536BDDD82C189B240043B1DA /* Debug */ = {
			isa = XCBuildConfiguration;
			buildSettings = {
				ALWAYS_EMBED_SWIFT_STANDARD_LIBRARIES = YES;
				BUNDLE_LOADER = "$(TEST_HOST)";
				CODE_SIGN_STYLE = Automatic;
				CURRENT_PROJECT_VERSION = 1;
				DEVELOPMENT_TEAM = 977J65FA28;
				GENERATE_INFOPLIST_FILE = YES;
				IPHONEOS_DEPLOYMENT_TARGET = 17.4;
				MARKETING_VERSION = 1.0;
				PRODUCT_BUNDLE_IDENTIFIER = com.tori.CatchMateTests;
				PRODUCT_NAME = "$(TARGET_NAME)";
				SWIFT_EMIT_LOC_STRINGS = NO;
				SWIFT_VERSION = 5.0;
				TARGETED_DEVICE_FAMILY = "1,2";
				TEST_HOST = "$(BUILT_PRODUCTS_DIR)/CatchMate.app/$(BUNDLE_EXECUTABLE_FOLDER_PATH)/CatchMate";
			};
			name = Debug;
		};
		536BDDD92C189B240043B1DA /* Release */ = {
			isa = XCBuildConfiguration;
			buildSettings = {
				ALWAYS_EMBED_SWIFT_STANDARD_LIBRARIES = YES;
				BUNDLE_LOADER = "$(TEST_HOST)";
				CODE_SIGN_STYLE = Automatic;
				CURRENT_PROJECT_VERSION = 1;
				DEVELOPMENT_TEAM = 977J65FA28;
				GENERATE_INFOPLIST_FILE = YES;
				IPHONEOS_DEPLOYMENT_TARGET = 17.4;
				MARKETING_VERSION = 1.0;
				PRODUCT_BUNDLE_IDENTIFIER = com.tori.CatchMateTests;
				PRODUCT_NAME = "$(TARGET_NAME)";
				SWIFT_EMIT_LOC_STRINGS = NO;
				SWIFT_VERSION = 5.0;
				TARGETED_DEVICE_FAMILY = "1,2";
				TEST_HOST = "$(BUILT_PRODUCTS_DIR)/CatchMate.app/$(BUNDLE_EXECUTABLE_FOLDER_PATH)/CatchMate";
			};
			name = Release;
		};
		536BDDDB2C189B240043B1DA /* Debug */ = {
			isa = XCBuildConfiguration;
			buildSettings = {
				ALWAYS_EMBED_SWIFT_STANDARD_LIBRARIES = YES;
				CODE_SIGN_STYLE = Automatic;
				CURRENT_PROJECT_VERSION = 1;
				DEVELOPMENT_TEAM = 977J65FA28;
				GENERATE_INFOPLIST_FILE = YES;
				MARKETING_VERSION = 1.0;
				PRODUCT_BUNDLE_IDENTIFIER = com.tori.CatchMateUITests;
				PRODUCT_NAME = "$(TARGET_NAME)";
				SWIFT_EMIT_LOC_STRINGS = NO;
				SWIFT_VERSION = 5.0;
				TARGETED_DEVICE_FAMILY = "1,2";
				TEST_TARGET_NAME = CatchMate;
			};
			name = Debug;
		};
		536BDDDC2C189B240043B1DA /* Release */ = {
			isa = XCBuildConfiguration;
			buildSettings = {
				ALWAYS_EMBED_SWIFT_STANDARD_LIBRARIES = YES;
				CODE_SIGN_STYLE = Automatic;
				CURRENT_PROJECT_VERSION = 1;
				DEVELOPMENT_TEAM = 977J65FA28;
				GENERATE_INFOPLIST_FILE = YES;
				MARKETING_VERSION = 1.0;
				PRODUCT_BUNDLE_IDENTIFIER = com.tori.CatchMateUITests;
				PRODUCT_NAME = "$(TARGET_NAME)";
				SWIFT_EMIT_LOC_STRINGS = NO;
				SWIFT_VERSION = 5.0;
				TARGETED_DEVICE_FAMILY = "1,2";
				TEST_TARGET_NAME = CatchMate;
			};
			name = Release;
		};
/* End XCBuildConfiguration section */

/* Begin XCConfigurationList section */
		536BDDA52C189B230043B1DA /* Build configuration list for PBXProject "CatchMate" */ = {
			isa = XCConfigurationList;
			buildConfigurations = (
				536BDDD22C189B240043B1DA /* Debug */,
				536BDDD32C189B240043B1DA /* Release */,
			);
			defaultConfigurationIsVisible = 0;
			defaultConfigurationName = Debug;
		};
		536BDDD42C189B240043B1DA /* Build configuration list for PBXNativeTarget "CatchMate" */ = {
			isa = XCConfigurationList;
			buildConfigurations = (
				536BDDD52C189B240043B1DA /* Debug */,
				536BDDD62C189B240043B1DA /* Release */,
			);
			defaultConfigurationIsVisible = 0;
			defaultConfigurationName = Debug;
		};
		536BDDD72C189B240043B1DA /* Build configuration list for PBXNativeTarget "CatchMateTests" */ = {
			isa = XCConfigurationList;
			buildConfigurations = (
				536BDDD82C189B240043B1DA /* Debug */,
				536BDDD92C189B240043B1DA /* Release */,
			);
			defaultConfigurationIsVisible = 0;
			defaultConfigurationName = Debug;
		};
		536BDDDA2C189B240043B1DA /* Build configuration list for PBXNativeTarget "CatchMateUITests" */ = {
			isa = XCConfigurationList;
			buildConfigurations = (
				536BDDDB2C189B240043B1DA /* Debug */,
				536BDDDC2C189B240043B1DA /* Release */,
			);
			defaultConfigurationIsVisible = 0;
			defaultConfigurationName = Debug;
		};
/* End XCConfigurationList section */

/* Begin XCRemoteSwiftPackageReference section */
		533A2B392C2C581300A59340 /* XCRemoteSwiftPackageReference "kakao-ios-sdk-rx" */ = {
			isa = XCRemoteSwiftPackageReference;
			repositoryURL = "https://github.com/kakao/kakao-ios-sdk-rx";
			requirement = {
				branch = master;
				kind = branch;
			};
		};
		536BDE092C1B4F1F0043B1DA /* XCRemoteSwiftPackageReference "PinLayout" */ = {
			isa = XCRemoteSwiftPackageReference;
			repositoryURL = "https://github.com/layoutBox/PinLayout.git";
			requirement = {
				kind = upToNextMajorVersion;
				minimumVersion = 1.10.5;
			};
		};
		536BDE0A2C1B4F910043B1DA /* XCRemoteSwiftPackageReference "FlexLayout" */ = {
			isa = XCRemoteSwiftPackageReference;
			repositoryURL = "https://github.com/layoutBox/FlexLayout";
			requirement = {
				kind = exactVersion;
				version = 2.0.6;
			};
		};
		536BDE0B2C1B4F9E0043B1DA /* XCRemoteSwiftPackageReference "SnapKit" */ = {
			isa = XCRemoteSwiftPackageReference;
			repositoryURL = "https://github.com/SnapKit/SnapKit";
			requirement = {
				kind = upToNextMajorVersion;
				minimumVersion = 5.7.1;
			};
		};
		536BDE0D2C1B50BC0043B1DA /* XCRemoteSwiftPackageReference "RxSwift" */ = {
			isa = XCRemoteSwiftPackageReference;
			repositoryURL = "https://github.com/ReactiveX/RxSwift";
			requirement = {
				kind = upToNextMajorVersion;
				minimumVersion = 6.6.0;
			};
		};
		536BDE0E2C1B50CB0043B1DA /* XCRemoteSwiftPackageReference "ReactorKit" */ = {
			isa = XCRemoteSwiftPackageReference;
			repositoryURL = "https://github.com/ReactorKit/ReactorKit";
			requirement = {
				kind = upToNextMajorVersion;
				minimumVersion = 3.2.0;
			};
		};
		536BDE0F2C1B51440043B1DA /* XCRemoteSwiftPackageReference "RxAlamofire" */ = {
			isa = XCRemoteSwiftPackageReference;
			repositoryURL = "https://github.com/RxSwiftCommunity/RxAlamofire.git";
			requirement = {
				kind = exactVersion;
				version = 6.1.0;
			};
		};
		538249112C31881D0074B583 /* XCRemoteSwiftPackageReference "naveridlogin-ios-sp" */ = {
			isa = XCRemoteSwiftPackageReference;
			repositoryURL = "https://github.com/kyungkoo/naveridlogin-ios-sp.git";
			requirement = {
				kind = upToNextMajorVersion;
				minimumVersion = 4.2.1;
			};
		};
/* End XCRemoteSwiftPackageReference section */

/* Begin XCSwiftPackageProductDependency section */
		533A2B3A2C2C590400A59340 /* RxKakaoSDK */ = {
			isa = XCSwiftPackageProductDependency;
			package = 533A2B392C2C581300A59340 /* XCRemoteSwiftPackageReference "kakao-ios-sdk-rx" */;
			productName = RxKakaoSDK;
		};
		536BDE142C1B52510043B1DA /* PinLayout */ = {
			isa = XCSwiftPackageProductDependency;
			package = 536BDE092C1B4F1F0043B1DA /* XCRemoteSwiftPackageReference "PinLayout" */;
			productName = PinLayout;
		};
		536BDE162C1B52510043B1DA /* FlexLayout */ = {
			isa = XCSwiftPackageProductDependency;
			package = 536BDE0A2C1B4F910043B1DA /* XCRemoteSwiftPackageReference "FlexLayout" */;
			productName = FlexLayout;
		};
		536BDE182C1B52510043B1DA /* SnapKit */ = {
			isa = XCSwiftPackageProductDependency;
			package = 536BDE0B2C1B4F9E0043B1DA /* XCRemoteSwiftPackageReference "SnapKit" */;
			productName = SnapKit;
		};
		536BDE1A2C1B52510043B1DA /* RxCocoa */ = {
			isa = XCSwiftPackageProductDependency;
			package = 536BDE0D2C1B50BC0043B1DA /* XCRemoteSwiftPackageReference "RxSwift" */;
			productName = RxCocoa;
		};
		536BDE1C2C1B52510043B1DA /* RxRelay */ = {
			isa = XCSwiftPackageProductDependency;
			package = 536BDE0D2C1B50BC0043B1DA /* XCRemoteSwiftPackageReference "RxSwift" */;
			productName = RxRelay;
		};
		536BDE1E2C1B52510043B1DA /* RxSwift */ = {
			isa = XCSwiftPackageProductDependency;
			package = 536BDE0D2C1B50BC0043B1DA /* XCRemoteSwiftPackageReference "RxSwift" */;
			productName = RxSwift;
		};
		536BDE202C1B52510043B1DA /* ReactorKit */ = {
			isa = XCSwiftPackageProductDependency;
			package = 536BDE0E2C1B50CB0043B1DA /* XCRemoteSwiftPackageReference "ReactorKit" */;
			productName = ReactorKit;
		};
		536BDE222C1B52510043B1DA /* RxAlamofire */ = {
			isa = XCSwiftPackageProductDependency;
			package = 536BDE0F2C1B51440043B1DA /* XCRemoteSwiftPackageReference "RxAlamofire" */;
			productName = RxAlamofire;
		};
		538249142C319C020074B583 /* naveridlogin-ios-sp */ = {
			isa = XCSwiftPackageProductDependency;
			package = 538249112C31881D0074B583 /* XCRemoteSwiftPackageReference "naveridlogin-ios-sp" */;
			productName = "naveridlogin-ios-sp";
		};
/* End XCSwiftPackageProductDependency section */
	};
	rootObject = 536BDDA22C189B230043B1DA /* Project object */;
}
